// !$*UTF8*$!
{
	archiveVersion = 1;
	classes = {
	};
	objectVersion = 51;
	objects = {

/* Begin PBXBuildFile section */
		5231174A224220BB009DA11E /* AppDelegate.swift in Sources */ = {isa = PBXBuildFile; fileRef = 52311749224220BB009DA11E /* AppDelegate.swift */; };
		5231174C224220BB009DA11E /* ViewController.swift in Sources */ = {isa = PBXBuildFile; fileRef = 5231174B224220BB009DA11E /* ViewController.swift */; };
		5231174F224220BB009DA11E /* Main.storyboard in Resources */ = {isa = PBXBuildFile; fileRef = 5231174D224220BB009DA11E /* Main.storyboard */; };
		52311751224220BC009DA11E /* Assets.xcassets in Resources */ = {isa = PBXBuildFile; fileRef = 52311750224220BC009DA11E /* Assets.xcassets */; };
		52311754224220BC009DA11E /* LaunchScreen.storyboard in Resources */ = {isa = PBXBuildFile; fileRef = 52311752224220BC009DA11E /* LaunchScreen.storyboard */; };
		5244485922F2D90100BE51DC /* UIImageView+.swift in Sources */ = {isa = PBXBuildFile; fileRef = 524447FA22F2D90100BE51DC /* UIImageView+.swift */; };
		5244485A22F2D90100BE51DC /* UIButton+WebImage.swift in Sources */ = {isa = PBXBuildFile; fileRef = 524447FB22F2D90100BE51DC /* UIButton+WebImage.swift */; };
		5244485B22F2D90100BE51DC /* UIImage+.swift in Sources */ = {isa = PBXBuildFile; fileRef = 524447FE22F2D90100BE51DC /* UIImage+.swift */; };
		5244485C22F2D90100BE51DC /* SizeHelper.swift in Sources */ = {isa = PBXBuildFile; fileRef = 5244480022F2D90100BE51DC /* SizeHelper.swift */; };
		5244485D22F2D90100BE51DC /* ScrollDirectionTracker.swift in Sources */ = {isa = PBXBuildFile; fileRef = 5244480222F2D90100BE51DC /* ScrollDirectionTracker.swift */; };
		5244485E22F2D90100BE51DC /* UIView+Constraint.swift in Sources */ = {isa = PBXBuildFile; fileRef = 5244480422F2D90100BE51DC /* UIView+Constraint.swift */; };
		5244485F22F2D90100BE51DC /* LayoutConstraint.swift in Sources */ = {isa = PBXBuildFile; fileRef = 5244480522F2D90100BE51DC /* LayoutConstraint.swift */; };
		5244486022F2D90100BE51DC /* UIGestureRecognizer+Closures.swift in Sources */ = {isa = PBXBuildFile; fileRef = 5244480722F2D90100BE51DC /* UIGestureRecognizer+Closures.swift */; };
		5244486122F2D90100BE51DC /* UIView+Closures.swift in Sources */ = {isa = PBXBuildFile; fileRef = 5244480822F2D90100BE51DC /* UIView+Closures.swift */; };
		5244486222F2D90100BE51DC /* UIBarButtonItem+Closures.swift in Sources */ = {isa = PBXBuildFile; fileRef = 5244480922F2D90100BE51DC /* UIBarButtonItem+Closures.swift */; };
		5244486322F2D90100BE51DC /* UIControl+Closures.swift in Sources */ = {isa = PBXBuildFile; fileRef = 5244480A22F2D90100BE51DC /* UIControl+Closures.swift */; };
		5244486422F2D90100BE51DC /* GestureClosure.swift in Sources */ = {isa = PBXBuildFile; fileRef = 5244480B22F2D90100BE51DC /* GestureClosure.swift */; };
		5244486522F2D90100BE51DC /* ClosureHandler.swift in Sources */ = {isa = PBXBuildFile; fileRef = 5244480C22F2D90100BE51DC /* ClosureHandler.swift */; };
		5244486622F2D90100BE51DC /* InsetLabel.swift in Sources */ = {isa = PBXBuildFile; fileRef = 5244480E22F2D90100BE51DC /* InsetLabel.swift */; };
		5244486722F2D90100BE51DC /* UILabel+.swift in Sources */ = {isa = PBXBuildFile; fileRef = 5244480F22F2D90100BE51DC /* UILabel+.swift */; };
		5244486822F2D90100BE51DC /* CustomButton.swift in Sources */ = {isa = PBXBuildFile; fileRef = 5244481122F2D90100BE51DC /* CustomButton.swift */; };
		5244486922F2D90100BE51DC /* SingleLineButton.swift in Sources */ = {isa = PBXBuildFile; fileRef = 5244481222F2D90100BE51DC /* SingleLineButton.swift */; };
		5244486A22F2D90100BE51DC /* LayoutButton.swift in Sources */ = {isa = PBXBuildFile; fileRef = 5244481322F2D90100BE51DC /* LayoutButton.swift */; };
		5244486B22F2D90100BE51DC /* UIControl+EnlargeEdge.swift in Sources */ = {isa = PBXBuildFile; fileRef = 5244481422F2D90100BE51DC /* UIControl+EnlargeEdge.swift */; };
		5244486C22F2D90100BE51DC /* UIColor+.swift in Sources */ = {isa = PBXBuildFile; fileRef = 5244481622F2D90100BE51DC /* UIColor+.swift */; };
		5244486D22F2D90100BE51DC /* DispatchQueue+.swift in Sources */ = {isa = PBXBuildFile; fileRef = 5244481822F2D90100BE51DC /* DispatchQueue+.swift */; };
		5244486E22F2D90100BE51DC /* Codable+.swift in Sources */ = {isa = PBXBuildFile; fileRef = 5244481A22F2D90100BE51DC /* Codable+.swift */; };
		5244486F22F2D90100BE51DC /* UIView+Extension.swift in Sources */ = {isa = PBXBuildFile; fileRef = 5244481C22F2D90100BE51DC /* UIView+Extension.swift */; };
		5244487022F2D90100BE51DC /* SingleLineView.swift in Sources */ = {isa = PBXBuildFile; fileRef = 5244481D22F2D90100BE51DC /* SingleLineView.swift */; };
		5244487122F2D90100BE51DC /* GGUI.swift in Sources */ = {isa = PBXBuildFile; fileRef = 5244481F22F2D90100BE51DC /* GGUI.swift */; };
		5244487222F2D90100BE51DC /* Globals.swift in Sources */ = {isa = PBXBuildFile; fileRef = 5244482022F2D90100BE51DC /* Globals.swift */; };
		5244487322F2D90100BE51DC /* UIDevice+.swift in Sources */ = {isa = PBXBuildFile; fileRef = 5244482222F2D90100BE51DC /* UIDevice+.swift */; };
		5244487422F2D90100BE51DC /* Device.generated.swift in Sources */ = {isa = PBXBuildFile; fileRef = 5244482322F2D90100BE51DC /* Device.generated.swift */; };
		5244487522F2D90100BE51DC /* Date+.swift in Sources */ = {isa = PBXBuildFile; fileRef = 5244482522F2D90100BE51DC /* Date+.swift */; };
		5244487622F2D90100BE51DC /* WebViewController.swift in Sources */ = {isa = PBXBuildFile; fileRef = 5244482722F2D90100BE51DC /* WebViewController.swift */; };
		5244487722F2D90100BE51DC /* UINavigationController+.swift in Sources */ = {isa = PBXBuildFile; fileRef = 5244482922F2D90100BE51DC /* UINavigationController+.swift */; };
		5244487822F2D90100BE51DC /* CustomBarButtonItem.swift in Sources */ = {isa = PBXBuildFile; fileRef = 5244482A22F2D90100BE51DC /* CustomBarButtonItem.swift */; };
		5244487922F2D90100BE51DC /* UIViewController+Navigation.swift in Sources */ = {isa = PBXBuildFile; fileRef = 5244482B22F2D90100BE51DC /* UIViewController+Navigation.swift */; };
		5244487A22F2D90100BE51DC /* BaseNavigationController.swift in Sources */ = {isa = PBXBuildFile; fileRef = 5244482C22F2D90100BE51DC /* BaseNavigationController.swift */; };
		5244487B22F2D90100BE51DC /* UINavigationBar+.swift in Sources */ = {isa = PBXBuildFile; fileRef = 5244482D22F2D90100BE51DC /* UINavigationBar+.swift */; };
		5244487C22F2D90100BE51DC /* UITextView+Slice.swift in Sources */ = {isa = PBXBuildFile; fileRef = 5244482F22F2D90100BE51DC /* UITextView+Slice.swift */; };
		5244487D22F2D90100BE51DC /* UICollectionViewLeftAlignedLayout.swift in Sources */ = {isa = PBXBuildFile; fileRef = 5244483122F2D90100BE51DC /* UICollectionViewLeftAlignedLayout.swift */; };
		5244487E22F2D90100BE51DC /* CollectionViewCenteredFlowLayout.swift in Sources */ = {isa = PBXBuildFile; fileRef = 5244483222F2D90100BE51DC /* CollectionViewCenteredFlowLayout.swift */; };
		5244487F22F2D90100BE51DC /* UIBarButtonItem+.swift in Sources */ = {isa = PBXBuildFile; fileRef = 5244483422F2D90100BE51DC /* UIBarButtonItem+.swift */; };
		5244488022F2D90100BE51DC /* Number+.swift in Sources */ = {isa = PBXBuildFile; fileRef = 5244483622F2D90100BE51DC /* Number+.swift */; };
		5244488122F2D90100BE51DC /* MapOPenURL.swift in Sources */ = {isa = PBXBuildFile; fileRef = 5244483822F2D90100BE51DC /* MapOPenURL.swift */; };
		5244488222F2D90100BE51DC /* CLLocationCoordinate2D+.swift in Sources */ = {isa = PBXBuildFile; fileRef = 5244483922F2D90100BE51DC /* CLLocationCoordinate2D+.swift */; };
		5244488322F2D90100BE51DC /* UIViewController+.swift in Sources */ = {isa = PBXBuildFile; fileRef = 5244483B22F2D90100BE51DC /* UIViewController+.swift */; };
		5244488422F2D90100BE51DC /* UITableView+.swift in Sources */ = {isa = PBXBuildFile; fileRef = 5244483D22F2D90100BE51DC /* UITableView+.swift */; };
		5244488522F2D90100BE51DC /* UISearchBar+.swift in Sources */ = {isa = PBXBuildFile; fileRef = 5244483F22F2D90100BE51DC /* UISearchBar+.swift */; };
		5244488622F2D90100BE51DC /* String+Size.swift in Sources */ = {isa = PBXBuildFile; fileRef = 5244484122F2D90100BE51DC /* String+Size.swift */; };
		5244488722F2D90100BE51DC /* String+Range.swift in Sources */ = {isa = PBXBuildFile; fileRef = 5244484222F2D90100BE51DC /* String+Range.swift */; };
		5244488822F2D90100BE51DC /* String+Tool.swift in Sources */ = {isa = PBXBuildFile; fileRef = 5244484322F2D90100BE51DC /* String+Tool.swift */; };
		5244488922F2D90100BE51DC /* String+Attributed.swift in Sources */ = {isa = PBXBuildFile; fileRef = 5244484422F2D90100BE51DC /* String+Attributed.swift */; };
		5244488A22F2D90100BE51DC /* CALayer+Sketch.swift in Sources */ = {isa = PBXBuildFile; fileRef = 5244484622F2D90100BE51DC /* CALayer+Sketch.swift */; };
		5244488B22F2D90100BE51DC /* ViewModelBinding.swift in Sources */ = {isa = PBXBuildFile; fileRef = 5244484822F2D90100BE51DC /* ViewModelBinding.swift */; };
		5244488C22F2D90100BE51DC /* NSObject+.swift in Sources */ = {isa = PBXBuildFile; fileRef = 5244484A22F2D90100BE51DC /* NSObject+.swift */; };
		5244488D22F2D90100BE51DC /* BulgeTabBar.swift in Sources */ = {isa = PBXBuildFile; fileRef = 5244484C22F2D90100BE51DC /* BulgeTabBar.swift */; };
		5244488E22F2D90100BE51DC /* UITabBarItem+.swift in Sources */ = {isa = PBXBuildFile; fileRef = 5244484D22F2D90100BE51DC /* UITabBarItem+.swift */; };
		5244488F22F2D90100BE51DC /* UITabBar+.swift in Sources */ = {isa = PBXBuildFile; fileRef = 5244484E22F2D90100BE51DC /* UITabBar+.swift */; };
		5244489022F2D90100BE51DC /* UITabBarController+.swift in Sources */ = {isa = PBXBuildFile; fileRef = 5244484F22F2D90100BE51DC /* UITabBarController+.swift */; };
		5244489122F2D90100BE51DC /* PhotoPickerHelper.swift in Sources */ = {isa = PBXBuildFile; fileRef = 5244485122F2D90100BE51DC /* PhotoPickerHelper.swift */; };
		5244489222F2D90100BE51DC /* CustomTextField.swift in Sources */ = {isa = PBXBuildFile; fileRef = 5244485322F2D90100BE51DC /* CustomTextField.swift */; };
		5244489322F2D90100BE51DC /* UITextField+Slice.swift in Sources */ = {isa = PBXBuildFile; fileRef = 5244485422F2D90100BE51DC /* UITextField+Slice.swift */; };
		5244489422F2D90100BE51DC /* SendCodeButton.swift in Sources */ = {isa = PBXBuildFile; fileRef = 5244485622F2D90100BE51DC /* SendCodeButton.swift */; };
		5244489522F2D90100BE51DC /* UIView+Hud.swift in Sources */ = {isa = PBXBuildFile; fileRef = 5244485822F2D90100BE51DC /* UIView+Hud.swift */; };
		6AE55BD82B17E80F5D34CCD7 /* Pods_Demo.framework in Frameworks */ = {isa = PBXBuildFile; fileRef = F33725A8DB54E01249AF6D6C /* Pods_Demo.framework */; };
/* End PBXBuildFile section */

/* Begin PBXFileReference section */
		52311746224220BB009DA11E /* Demo.app */ = {isa = PBXFileReference; explicitFileType = wrapper.application; includeInIndex = 0; path = Demo.app; sourceTree = BUILT_PRODUCTS_DIR; };
		52311749224220BB009DA11E /* AppDelegate.swift */ = {isa = PBXFileReference; lastKnownFileType = sourcecode.swift; path = AppDelegate.swift; sourceTree = "<group>"; };
		5231174B224220BB009DA11E /* ViewController.swift */ = {isa = PBXFileReference; lastKnownFileType = sourcecode.swift; path = ViewController.swift; sourceTree = "<group>"; };
		5231174E224220BB009DA11E /* Base */ = {isa = PBXFileReference; lastKnownFileType = file.storyboard; name = Base; path = Base.lproj/Main.storyboard; sourceTree = "<group>"; };
		52311750224220BC009DA11E /* Assets.xcassets */ = {isa = PBXFileReference; lastKnownFileType = folder.assetcatalog; path = Assets.xcassets; sourceTree = "<group>"; };
		52311753224220BC009DA11E /* Base */ = {isa = PBXFileReference; lastKnownFileType = file.storyboard; name = Base; path = Base.lproj/LaunchScreen.storyboard; sourceTree = "<group>"; };
		52311755224220BC009DA11E /* Info.plist */ = {isa = PBXFileReference; lastKnownFileType = text.plist.xml; path = Info.plist; sourceTree = "<group>"; };
		524447FA22F2D90100BE51DC /* UIImageView+.swift */ = {isa = PBXFileReference; fileEncoding = 4; lastKnownFileType = sourcecode.swift; path = "UIImageView+.swift"; sourceTree = "<group>"; };
		524447FB22F2D90100BE51DC /* UIButton+WebImage.swift */ = {isa = PBXFileReference; fileEncoding = 4; lastKnownFileType = sourcecode.swift; path = "UIButton+WebImage.swift"; sourceTree = "<group>"; };
		524447FE22F2D90100BE51DC /* UIImage+.swift */ = {isa = PBXFileReference; fileEncoding = 4; lastKnownFileType = sourcecode.swift; path = "UIImage+.swift"; sourceTree = "<group>"; };
		5244480022F2D90100BE51DC /* SizeHelper.swift */ = {isa = PBXFileReference; fileEncoding = 4; lastKnownFileType = sourcecode.swift; path = SizeHelper.swift; sourceTree = "<group>"; };
		5244480222F2D90100BE51DC /* ScrollDirectionTracker.swift */ = {isa = PBXFileReference; fileEncoding = 4; lastKnownFileType = sourcecode.swift; path = ScrollDirectionTracker.swift; sourceTree = "<group>"; };
		5244480422F2D90100BE51DC /* UIView+Constraint.swift */ = {isa = PBXFileReference; fileEncoding = 4; lastKnownFileType = sourcecode.swift; path = "UIView+Constraint.swift"; sourceTree = "<group>"; };
		5244480522F2D90100BE51DC /* LayoutConstraint.swift */ = {isa = PBXFileReference; fileEncoding = 4; lastKnownFileType = sourcecode.swift; path = LayoutConstraint.swift; sourceTree = "<group>"; };
		5244480722F2D90100BE51DC /* UIGestureRecognizer+Closures.swift */ = {isa = PBXFileReference; fileEncoding = 4; lastKnownFileType = sourcecode.swift; path = "UIGestureRecognizer+Closures.swift"; sourceTree = "<group>"; };
		5244480822F2D90100BE51DC /* UIView+Closures.swift */ = {isa = PBXFileReference; fileEncoding = 4; lastKnownFileType = sourcecode.swift; path = "UIView+Closures.swift"; sourceTree = "<group>"; };
		5244480922F2D90100BE51DC /* UIBarButtonItem+Closures.swift */ = {isa = PBXFileReference; fileEncoding = 4; lastKnownFileType = sourcecode.swift; path = "UIBarButtonItem+Closures.swift"; sourceTree = "<group>"; };
		5244480A22F2D90100BE51DC /* UIControl+Closures.swift */ = {isa = PBXFileReference; fileEncoding = 4; lastKnownFileType = sourcecode.swift; path = "UIControl+Closures.swift"; sourceTree = "<group>"; };
		5244480B22F2D90100BE51DC /* GestureClosure.swift */ = {isa = PBXFileReference; fileEncoding = 4; lastKnownFileType = sourcecode.swift; path = GestureClosure.swift; sourceTree = "<group>"; };
		5244480C22F2D90100BE51DC /* ClosureHandler.swift */ = {isa = PBXFileReference; fileEncoding = 4; lastKnownFileType = sourcecode.swift; path = ClosureHandler.swift; sourceTree = "<group>"; };
		5244480E22F2D90100BE51DC /* InsetLabel.swift */ = {isa = PBXFileReference; fileEncoding = 4; lastKnownFileType = sourcecode.swift; path = InsetLabel.swift; sourceTree = "<group>"; };
		5244480F22F2D90100BE51DC /* UILabel+.swift */ = {isa = PBXFileReference; fileEncoding = 4; lastKnownFileType = sourcecode.swift; path = "UILabel+.swift"; sourceTree = "<group>"; };
		5244481122F2D90100BE51DC /* CustomButton.swift */ = {isa = PBXFileReference; fileEncoding = 4; lastKnownFileType = sourcecode.swift; path = CustomButton.swift; sourceTree = "<group>"; };
		5244481222F2D90100BE51DC /* SingleLineButton.swift */ = {isa = PBXFileReference; fileEncoding = 4; lastKnownFileType = sourcecode.swift; path = SingleLineButton.swift; sourceTree = "<group>"; };
		5244481322F2D90100BE51DC /* LayoutButton.swift */ = {isa = PBXFileReference; fileEncoding = 4; lastKnownFileType = sourcecode.swift; path = LayoutButton.swift; sourceTree = "<group>"; };
		5244481422F2D90100BE51DC /* UIControl+EnlargeEdge.swift */ = {isa = PBXFileReference; fileEncoding = 4; lastKnownFileType = sourcecode.swift; path = "UIControl+EnlargeEdge.swift"; sourceTree = "<group>"; };
		5244481622F2D90100BE51DC /* UIColor+.swift */ = {isa = PBXFileReference; fileEncoding = 4; lastKnownFileType = sourcecode.swift; path = "UIColor+.swift"; sourceTree = "<group>"; };
		5244481822F2D90100BE51DC /* DispatchQueue+.swift */ = {isa = PBXFileReference; fileEncoding = 4; lastKnownFileType = sourcecode.swift; path = "DispatchQueue+.swift"; sourceTree = "<group>"; };
		5244481A22F2D90100BE51DC /* Codable+.swift */ = {isa = PBXFileReference; fileEncoding = 4; lastKnownFileType = sourcecode.swift; path = "Codable+.swift"; sourceTree = "<group>"; };
		5244481C22F2D90100BE51DC /* UIView+Extension.swift */ = {isa = PBXFileReference; fileEncoding = 4; lastKnownFileType = sourcecode.swift; path = "UIView+Extension.swift"; sourceTree = "<group>"; };
		5244481D22F2D90100BE51DC /* SingleLineView.swift */ = {isa = PBXFileReference; fileEncoding = 4; lastKnownFileType = sourcecode.swift; path = SingleLineView.swift; sourceTree = "<group>"; };
		5244481F22F2D90100BE51DC /* GGUI.swift */ = {isa = PBXFileReference; fileEncoding = 4; lastKnownFileType = sourcecode.swift; path = GGUI.swift; sourceTree = "<group>"; };
		5244482022F2D90100BE51DC /* Globals.swift */ = {isa = PBXFileReference; fileEncoding = 4; lastKnownFileType = sourcecode.swift; path = Globals.swift; sourceTree = "<group>"; };
		5244482222F2D90100BE51DC /* UIDevice+.swift */ = {isa = PBXFileReference; fileEncoding = 4; lastKnownFileType = sourcecode.swift; path = "UIDevice+.swift"; sourceTree = "<group>"; };
		5244482322F2D90100BE51DC /* Device.generated.swift */ = {isa = PBXFileReference; fileEncoding = 4; lastKnownFileType = sourcecode.swift; path = Device.generated.swift; sourceTree = "<group>"; };
		5244482522F2D90100BE51DC /* Date+.swift */ = {isa = PBXFileReference; fileEncoding = 4; lastKnownFileType = sourcecode.swift; path = "Date+.swift"; sourceTree = "<group>"; };
		5244482722F2D90100BE51DC /* WebViewController.swift */ = {isa = PBXFileReference; fileEncoding = 4; lastKnownFileType = sourcecode.swift; path = WebViewController.swift; sourceTree = "<group>"; };
		5244482922F2D90100BE51DC /* UINavigationController+.swift */ = {isa = PBXFileReference; fileEncoding = 4; lastKnownFileType = sourcecode.swift; path = "UINavigationController+.swift"; sourceTree = "<group>"; };
		5244482A22F2D90100BE51DC /* CustomBarButtonItem.swift */ = {isa = PBXFileReference; fileEncoding = 4; lastKnownFileType = sourcecode.swift; path = CustomBarButtonItem.swift; sourceTree = "<group>"; };
		5244482B22F2D90100BE51DC /* UIViewController+Navigation.swift */ = {isa = PBXFileReference; fileEncoding = 4; lastKnownFileType = sourcecode.swift; path = "UIViewController+Navigation.swift"; sourceTree = "<group>"; };
		5244482C22F2D90100BE51DC /* BaseNavigationController.swift */ = {isa = PBXFileReference; fileEncoding = 4; lastKnownFileType = sourcecode.swift; path = BaseNavigationController.swift; sourceTree = "<group>"; };
		5244482D22F2D90100BE51DC /* UINavigationBar+.swift */ = {isa = PBXFileReference; fileEncoding = 4; lastKnownFileType = sourcecode.swift; path = "UINavigationBar+.swift"; sourceTree = "<group>"; };
		5244482F22F2D90100BE51DC /* UITextView+Slice.swift */ = {isa = PBXFileReference; fileEncoding = 4; lastKnownFileType = sourcecode.swift; path = "UITextView+Slice.swift"; sourceTree = "<group>"; };
		5244483122F2D90100BE51DC /* UICollectionViewLeftAlignedLayout.swift */ = {isa = PBXFileReference; fileEncoding = 4; lastKnownFileType = sourcecode.swift; path = UICollectionViewLeftAlignedLayout.swift; sourceTree = "<group>"; };
		5244483222F2D90100BE51DC /* CollectionViewCenteredFlowLayout.swift */ = {isa = PBXFileReference; fileEncoding = 4; lastKnownFileType = sourcecode.swift; path = CollectionViewCenteredFlowLayout.swift; sourceTree = "<group>"; };
		5244483422F2D90100BE51DC /* UIBarButtonItem+.swift */ = {isa = PBXFileReference; fileEncoding = 4; lastKnownFileType = sourcecode.swift; path = "UIBarButtonItem+.swift"; sourceTree = "<group>"; };
		5244483622F2D90100BE51DC /* Number+.swift */ = {isa = PBXFileReference; fileEncoding = 4; lastKnownFileType = sourcecode.swift; path = "Number+.swift"; sourceTree = "<group>"; };
		5244483822F2D90100BE51DC /* MapOPenURL.swift */ = {isa = PBXFileReference; fileEncoding = 4; lastKnownFileType = sourcecode.swift; path = MapOPenURL.swift; sourceTree = "<group>"; };
		5244483922F2D90100BE51DC /* CLLocationCoordinate2D+.swift */ = {isa = PBXFileReference; fileEncoding = 4; lastKnownFileType = sourcecode.swift; path = "CLLocationCoordinate2D+.swift"; sourceTree = "<group>"; };
		5244483B22F2D90100BE51DC /* UIViewController+.swift */ = {isa = PBXFileReference; fileEncoding = 4; lastKnownFileType = sourcecode.swift; path = "UIViewController+.swift"; sourceTree = "<group>"; };
		5244483D22F2D90100BE51DC /* UITableView+.swift */ = {isa = PBXFileReference; fileEncoding = 4; lastKnownFileType = sourcecode.swift; path = "UITableView+.swift"; sourceTree = "<group>"; };
		5244483F22F2D90100BE51DC /* UISearchBar+.swift */ = {isa = PBXFileReference; fileEncoding = 4; lastKnownFileType = sourcecode.swift; path = "UISearchBar+.swift"; sourceTree = "<group>"; };
		5244484122F2D90100BE51DC /* String+Size.swift */ = {isa = PBXFileReference; fileEncoding = 4; lastKnownFileType = sourcecode.swift; path = "String+Size.swift"; sourceTree = "<group>"; };
		5244484222F2D90100BE51DC /* String+Range.swift */ = {isa = PBXFileReference; fileEncoding = 4; lastKnownFileType = sourcecode.swift; path = "String+Range.swift"; sourceTree = "<group>"; };
		5244484322F2D90100BE51DC /* String+Tool.swift */ = {isa = PBXFileReference; fileEncoding = 4; lastKnownFileType = sourcecode.swift; path = "String+Tool.swift"; sourceTree = "<group>"; };
		5244484422F2D90100BE51DC /* String+Attributed.swift */ = {isa = PBXFileReference; fileEncoding = 4; lastKnownFileType = sourcecode.swift; path = "String+Attributed.swift"; sourceTree = "<group>"; };
		5244484622F2D90100BE51DC /* CALayer+Sketch.swift */ = {isa = PBXFileReference; fileEncoding = 4; lastKnownFileType = sourcecode.swift; path = "CALayer+Sketch.swift"; sourceTree = "<group>"; };
		5244484822F2D90100BE51DC /* ViewModelBinding.swift */ = {isa = PBXFileReference; fileEncoding = 4; lastKnownFileType = sourcecode.swift; path = ViewModelBinding.swift; sourceTree = "<group>"; };
		5244484A22F2D90100BE51DC /* NSObject+.swift */ = {isa = PBXFileReference; fileEncoding = 4; lastKnownFileType = sourcecode.swift; path = "NSObject+.swift"; sourceTree = "<group>"; };
		5244484C22F2D90100BE51DC /* BulgeTabBar.swift */ = {isa = PBXFileReference; fileEncoding = 4; lastKnownFileType = sourcecode.swift; path = BulgeTabBar.swift; sourceTree = "<group>"; };
		5244484D22F2D90100BE51DC /* UITabBarItem+.swift */ = {isa = PBXFileReference; fileEncoding = 4; lastKnownFileType = sourcecode.swift; path = "UITabBarItem+.swift"; sourceTree = "<group>"; };
		5244484E22F2D90100BE51DC /* UITabBar+.swift */ = {isa = PBXFileReference; fileEncoding = 4; lastKnownFileType = sourcecode.swift; path = "UITabBar+.swift"; sourceTree = "<group>"; };
		5244484F22F2D90100BE51DC /* UITabBarController+.swift */ = {isa = PBXFileReference; fileEncoding = 4; lastKnownFileType = sourcecode.swift; path = "UITabBarController+.swift"; sourceTree = "<group>"; };
		5244485122F2D90100BE51DC /* PhotoPickerHelper.swift */ = {isa = PBXFileReference; fileEncoding = 4; lastKnownFileType = sourcecode.swift; path = PhotoPickerHelper.swift; sourceTree = "<group>"; };
		5244485322F2D90100BE51DC /* CustomTextField.swift */ = {isa = PBXFileReference; fileEncoding = 4; lastKnownFileType = sourcecode.swift; path = CustomTextField.swift; sourceTree = "<group>"; };
		5244485422F2D90100BE51DC /* UITextField+Slice.swift */ = {isa = PBXFileReference; fileEncoding = 4; lastKnownFileType = sourcecode.swift; path = "UITextField+Slice.swift"; sourceTree = "<group>"; };
		5244485622F2D90100BE51DC /* SendCodeButton.swift */ = {isa = PBXFileReference; fileEncoding = 4; lastKnownFileType = sourcecode.swift; path = SendCodeButton.swift; sourceTree = "<group>"; };
		5244485822F2D90100BE51DC /* UIView+Hud.swift */ = {isa = PBXFileReference; fileEncoding = 4; lastKnownFileType = sourcecode.swift; path = "UIView+Hud.swift"; sourceTree = "<group>"; };
		D54361C755514BBAE1B9D54D /* Pods-Demo.debug.xcconfig */ = {isa = PBXFileReference; includeInIndex = 1; lastKnownFileType = text.xcconfig; name = "Pods-Demo.debug.xcconfig"; path = "Target Support Files/Pods-Demo/Pods-Demo.debug.xcconfig"; sourceTree = "<group>"; };
		D6DE19B8AED172C0429F6A09 /* Pods-Demo.release.xcconfig */ = {isa = PBXFileReference; includeInIndex = 1; lastKnownFileType = text.xcconfig; name = "Pods-Demo.release.xcconfig"; path = "Target Support Files/Pods-Demo/Pods-Demo.release.xcconfig"; sourceTree = "<group>"; };
		F33725A8DB54E01249AF6D6C /* Pods_Demo.framework */ = {isa = PBXFileReference; explicitFileType = wrapper.framework; includeInIndex = 0; path = Pods_Demo.framework; sourceTree = BUILT_PRODUCTS_DIR; };
/* End PBXFileReference section */

/* Begin PBXFrameworksBuildPhase section */
		52311743224220BB009DA11E /* Frameworks */ = {
			isa = PBXFrameworksBuildPhase;
			buildActionMask = 2147483647;
			files = (
				6AE55BD82B17E80F5D34CCD7 /* Pods_Demo.framework in Frameworks */,
			);
			runOnlyForDeploymentPostprocessing = 0;
		};
/* End PBXFrameworksBuildPhase section */

/* Begin PBXGroup section */
		4375BCED5DD03A904EBD4C47 /* Pods */ = {
			isa = PBXGroup;
			children = (
				D54361C755514BBAE1B9D54D /* Pods-Demo.debug.xcconfig */,
				D6DE19B8AED172C0429F6A09 /* Pods-Demo.release.xcconfig */,
			);
			path = Pods;
			sourceTree = "<group>";
		};
		5231173D224220BB009DA11E = {
			isa = PBXGroup;
			children = (
				52311748224220BB009DA11E /* Demo */,
				52311747224220BB009DA11E /* Products */,
				4375BCED5DD03A904EBD4C47 /* Pods */,
				FF23ACAC068A80CC488968BE /* Frameworks */,
			);
			sourceTree = "<group>";
		};
		52311747224220BB009DA11E /* Products */ = {
			isa = PBXGroup;
			children = (
				52311746224220BB009DA11E /* Demo.app */,
			);
			name = Products;
			sourceTree = "<group>";
		};
		52311748224220BB009DA11E /* Demo */ = {
			isa = PBXGroup;
			children = (
				524447F822F2D90100BE51DC /* Source */,
				52311749224220BB009DA11E /* AppDelegate.swift */,
				5231174B224220BB009DA11E /* ViewController.swift */,
				5231174D224220BB009DA11E /* Main.storyboard */,
				52311750224220BC009DA11E /* Assets.xcassets */,
				52311752224220BC009DA11E /* LaunchScreen.storyboard */,
				52311755224220BC009DA11E /* Info.plist */,
			);
			path = Demo;
			sourceTree = "<group>";
		};
		524447F822F2D90100BE51DC /* Source */ = {
			isa = PBXGroup;
			children = (
				524447F922F2D90100BE51DC /* AlamofireImage */,
				524447FC22F2D90100BE51DC /* Core */,
				5244485522F2D90100BE51DC /* SwiftTimer */,
				5244485722F2D90100BE51DC /* MBProgressHUD */,
			);
			name = Source;
			path = ../../Source;
			sourceTree = "<group>";
		};
		524447F922F2D90100BE51DC /* AlamofireImage */ = {
			isa = PBXGroup;
			children = (
				524447FA22F2D90100BE51DC /* UIImageView+.swift */,
				524447FB22F2D90100BE51DC /* UIButton+WebImage.swift */,
			);
			path = AlamofireImage;
			sourceTree = "<group>";
		};
		524447FC22F2D90100BE51DC /* Core */ = {
			isa = PBXGroup;
			children = (
				524447FD22F2D90100BE51DC /* UIImage */,
				524447FF22F2D90100BE51DC /* SizeHelper */,
				5244480122F2D90100BE51DC /* UIScrollView */,
				5244480322F2D90100BE51DC /* AutoLayout */,
				5244480622F2D90100BE51DC /* GestureRecognizerClosures */,
				5244480D22F2D90100BE51DC /* UILabel */,
				5244481022F2D90100BE51DC /* UIButton */,
				5244481522F2D90100BE51DC /* UIColor */,
				5244481722F2D90100BE51DC /* DispatchQueue */,
				5244481922F2D90100BE51DC /* Codable */,
				5244481B22F2D90100BE51DC /* UIView */,
				5244481E22F2D90100BE51DC /* General */,
				5244482122F2D90100BE51DC /* DeviceKit */,
				5244482422F2D90100BE51DC /* Date */,
				5244482622F2D90100BE51DC /* WebView */,
				5244482822F2D90100BE51DC /* UINavigation */,
				5244482E22F2D90100BE51DC /* UITextView */,
				5244483022F2D90100BE51DC /* UICollectionView */,
				5244483322F2D90100BE51DC /* UIBarButtonItem */,
				5244483522F2D90100BE51DC /* Number */,
				5244483722F2D90100BE51DC /* MapKit */,
				5244483A22F2D90100BE51DC /* UIViewController */,
				5244483C22F2D90100BE51DC /* UITableView */,
				5244483E22F2D90100BE51DC /* UISearchBar */,
				5244484022F2D90100BE51DC /* String */,
				5244484522F2D90100BE51DC /* CALayer */,
				5244484722F2D90100BE51DC /* ViewModelBinding */,
				5244484922F2D90100BE51DC /* NSObject */,
				5244484B22F2D90100BE51DC /* UITabBar */,
				5244485022F2D90100BE51DC /* Photos */,
				5244485222F2D90100BE51DC /* UITextField */,
			);
			path = Core;
			sourceTree = "<group>";
		};
		524447FD22F2D90100BE51DC /* UIImage */ = {
			isa = PBXGroup;
			children = (
				524447FE22F2D90100BE51DC /* UIImage+.swift */,
			);
			path = UIImage;
			sourceTree = "<group>";
		};
		524447FF22F2D90100BE51DC /* SizeHelper */ = {
			isa = PBXGroup;
			children = (
				5244480022F2D90100BE51DC /* SizeHelper.swift */,
			);
			path = SizeHelper;
			sourceTree = "<group>";
		};
		5244480122F2D90100BE51DC /* UIScrollView */ = {
			isa = PBXGroup;
			children = (
				5244480222F2D90100BE51DC /* ScrollDirectionTracker.swift */,
			);
			path = UIScrollView;
			sourceTree = "<group>";
		};
		5244480322F2D90100BE51DC /* AutoLayout */ = {
			isa = PBXGroup;
			children = (
				5244480422F2D90100BE51DC /* UIView+Constraint.swift */,
				5244480522F2D90100BE51DC /* LayoutConstraint.swift */,
			);
			path = AutoLayout;
			sourceTree = "<group>";
		};
		5244480622F2D90100BE51DC /* GestureRecognizerClosures */ = {
			isa = PBXGroup;
			children = (
				5244480722F2D90100BE51DC /* UIGestureRecognizer+Closures.swift */,
				5244480822F2D90100BE51DC /* UIView+Closures.swift */,
				5244480922F2D90100BE51DC /* UIBarButtonItem+Closures.swift */,
				5244480A22F2D90100BE51DC /* UIControl+Closures.swift */,
				5244480B22F2D90100BE51DC /* GestureClosure.swift */,
				5244480C22F2D90100BE51DC /* ClosureHandler.swift */,
			);
			path = GestureRecognizerClosures;
			sourceTree = "<group>";
		};
		5244480D22F2D90100BE51DC /* UILabel */ = {
			isa = PBXGroup;
			children = (
				5244480E22F2D90100BE51DC /* InsetLabel.swift */,
				5244480F22F2D90100BE51DC /* UILabel+.swift */,
			);
			path = UILabel;
			sourceTree = "<group>";
		};
		5244481022F2D90100BE51DC /* UIButton */ = {
			isa = PBXGroup;
			children = (
				5244481122F2D90100BE51DC /* CustomButton.swift */,
				5244481222F2D90100BE51DC /* SingleLineButton.swift */,
				5244481322F2D90100BE51DC /* LayoutButton.swift */,
				5244481422F2D90100BE51DC /* UIControl+EnlargeEdge.swift */,
			);
			path = UIButton;
			sourceTree = "<group>";
		};
		5244481522F2D90100BE51DC /* UIColor */ = {
			isa = PBXGroup;
			children = (
				5244481622F2D90100BE51DC /* UIColor+.swift */,
			);
			path = UIColor;
			sourceTree = "<group>";
		};
		5244481722F2D90100BE51DC /* DispatchQueue */ = {
			isa = PBXGroup;
			children = (
				5244481822F2D90100BE51DC /* DispatchQueue+.swift */,
			);
			path = DispatchQueue;
			sourceTree = "<group>";
		};
		5244481922F2D90100BE51DC /* Codable */ = {
			isa = PBXGroup;
			children = (
				5244481A22F2D90100BE51DC /* Codable+.swift */,
			);
			path = Codable;
			sourceTree = "<group>";
		};
		5244481B22F2D90100BE51DC /* UIView */ = {
			isa = PBXGroup;
			children = (
				5244481C22F2D90100BE51DC /* UIView+Extension.swift */,
				5244481D22F2D90100BE51DC /* SingleLineView.swift */,
			);
			path = UIView;
			sourceTree = "<group>";
		};
		5244481E22F2D90100BE51DC /* General */ = {
			isa = PBXGroup;
			children = (
				5244481F22F2D90100BE51DC /* GGUI.swift */,
				5244482022F2D90100BE51DC /* Globals.swift */,
			);
			path = General;
			sourceTree = "<group>";
		};
		5244482122F2D90100BE51DC /* DeviceKit */ = {
			isa = PBXGroup;
			children = (
				5244482222F2D90100BE51DC /* UIDevice+.swift */,
				5244482322F2D90100BE51DC /* Device.generated.swift */,
			);
			path = DeviceKit;
			sourceTree = "<group>";
		};
		5244482422F2D90100BE51DC /* Date */ = {
			isa = PBXGroup;
			children = (
				5244482522F2D90100BE51DC /* Date+.swift */,
			);
			path = Date;
			sourceTree = "<group>";
		};
		5244482622F2D90100BE51DC /* WebView */ = {
			isa = PBXGroup;
			children = (
				5244482722F2D90100BE51DC /* WebViewController.swift */,
			);
			path = WebView;
			sourceTree = "<group>";
		};
		5244482822F2D90100BE51DC /* UINavigation */ = {
			isa = PBXGroup;
			children = (
				5244482922F2D90100BE51DC /* UINavigationController+.swift */,
				5244482A22F2D90100BE51DC /* CustomBarButtonItem.swift */,
				5244482B22F2D90100BE51DC /* UIViewController+Navigation.swift */,
				5244482C22F2D90100BE51DC /* BaseNavigationController.swift */,
				5244482D22F2D90100BE51DC /* UINavigationBar+.swift */,
			);
			path = UINavigation;
			sourceTree = "<group>";
		};
		5244482E22F2D90100BE51DC /* UITextView */ = {
			isa = PBXGroup;
			children = (
				5244482F22F2D90100BE51DC /* UITextView+Slice.swift */,
			);
			path = UITextView;
			sourceTree = "<group>";
		};
		5244483022F2D90100BE51DC /* UICollectionView */ = {
			isa = PBXGroup;
			children = (
				5244483122F2D90100BE51DC /* UICollectionViewLeftAlignedLayout.swift */,
				5244483222F2D90100BE51DC /* CollectionViewCenteredFlowLayout.swift */,
			);
			path = UICollectionView;
			sourceTree = "<group>";
		};
		5244483322F2D90100BE51DC /* UIBarButtonItem */ = {
			isa = PBXGroup;
			children = (
				5244483422F2D90100BE51DC /* UIBarButtonItem+.swift */,
			);
			path = UIBarButtonItem;
			sourceTree = "<group>";
		};
		5244483522F2D90100BE51DC /* Number */ = {
			isa = PBXGroup;
			children = (
				5244483622F2D90100BE51DC /* Number+.swift */,
			);
			path = Number;
			sourceTree = "<group>";
		};
		5244483722F2D90100BE51DC /* MapKit */ = {
			isa = PBXGroup;
			children = (
				5244483822F2D90100BE51DC /* MapOPenURL.swift */,
				5244483922F2D90100BE51DC /* CLLocationCoordinate2D+.swift */,
			);
			path = MapKit;
			sourceTree = "<group>";
		};
		5244483A22F2D90100BE51DC /* UIViewController */ = {
			isa = PBXGroup;
			children = (
				5244483B22F2D90100BE51DC /* UIViewController+.swift */,
			);
			path = UIViewController;
			sourceTree = "<group>";
		};
		5244483C22F2D90100BE51DC /* UITableView */ = {
			isa = PBXGroup;
			children = (
				5244483D22F2D90100BE51DC /* UITableView+.swift */,
			);
			path = UITableView;
			sourceTree = "<group>";
		};
		5244483E22F2D90100BE51DC /* UISearchBar */ = {
			isa = PBXGroup;
			children = (
				5244483F22F2D90100BE51DC /* UISearchBar+.swift */,
			);
			path = UISearchBar;
			sourceTree = "<group>";
		};
		5244484022F2D90100BE51DC /* String */ = {
			isa = PBXGroup;
			children = (
				5244484122F2D90100BE51DC /* String+Size.swift */,
				5244484222F2D90100BE51DC /* String+Range.swift */,
				5244484322F2D90100BE51DC /* String+Tool.swift */,
				5244484422F2D90100BE51DC /* String+Attributed.swift */,
			);
			path = String;
			sourceTree = "<group>";
		};
		5244484522F2D90100BE51DC /* CALayer */ = {
			isa = PBXGroup;
			children = (
				5244484622F2D90100BE51DC /* CALayer+Sketch.swift */,
			);
			path = CALayer;
			sourceTree = "<group>";
		};
		5244484722F2D90100BE51DC /* ViewModelBinding */ = {
			isa = PBXGroup;
			children = (
				5244484822F2D90100BE51DC /* ViewModelBinding.swift */,
			);
			path = ViewModelBinding;
			sourceTree = "<group>";
		};
		5244484922F2D90100BE51DC /* NSObject */ = {
			isa = PBXGroup;
			children = (
				5244484A22F2D90100BE51DC /* NSObject+.swift */,
			);
			path = NSObject;
			sourceTree = "<group>";
		};
		5244484B22F2D90100BE51DC /* UITabBar */ = {
			isa = PBXGroup;
			children = (
				5244484C22F2D90100BE51DC /* BulgeTabBar.swift */,
				5244484D22F2D90100BE51DC /* UITabBarItem+.swift */,
				5244484E22F2D90100BE51DC /* UITabBar+.swift */,
				5244484F22F2D90100BE51DC /* UITabBarController+.swift */,
			);
			path = UITabBar;
			sourceTree = "<group>";
		};
		5244485022F2D90100BE51DC /* Photos */ = {
			isa = PBXGroup;
			children = (
				5244485122F2D90100BE51DC /* PhotoPickerHelper.swift */,
			);
			path = Photos;
			sourceTree = "<group>";
		};
		5244485222F2D90100BE51DC /* UITextField */ = {
			isa = PBXGroup;
			children = (
				5244485322F2D90100BE51DC /* CustomTextField.swift */,
				5244485422F2D90100BE51DC /* UITextField+Slice.swift */,
			);
			path = UITextField;
			sourceTree = "<group>";
		};
		5244485522F2D90100BE51DC /* SwiftTimer */ = {
			isa = PBXGroup;
			children = (
				5244485622F2D90100BE51DC /* SendCodeButton.swift */,
			);
			path = SwiftTimer;
			sourceTree = "<group>";
		};
		5244485722F2D90100BE51DC /* MBProgressHUD */ = {
			isa = PBXGroup;
			children = (
				5244485822F2D90100BE51DC /* UIView+Hud.swift */,
			);
			path = MBProgressHUD;
			sourceTree = "<group>";
		};
		FF23ACAC068A80CC488968BE /* Frameworks */ = {
			isa = PBXGroup;
			children = (
				F33725A8DB54E01249AF6D6C /* Pods_Demo.framework */,
			);
			name = Frameworks;
			sourceTree = "<group>";
		};
/* End PBXGroup section */

/* Begin PBXNativeTarget section */
		52311745224220BB009DA11E /* Demo */ = {
			isa = PBXNativeTarget;
			buildConfigurationList = 52311758224220BC009DA11E /* Build configuration list for PBXNativeTarget "Demo" */;
			buildPhases = (
				6D8C5ADB79682AE17EC98E71 /* [CP] Check Pods Manifest.lock */,
				52311742224220BB009DA11E /* Sources */,
				52311743224220BB009DA11E /* Frameworks */,
				52311744224220BB009DA11E /* Resources */,
				52311776224223D5009DA11E /* swiftlint */,
				793FCC70FEDC4EFF9BD57A2D /* [CP] Embed Pods Frameworks */,
			);
			buildRules = (
			);
			dependencies = (
			);
			name = Demo;
			productName = Demo;
			productReference = 52311746224220BB009DA11E /* Demo.app */;
			productType = "com.apple.product-type.application";
		};
/* End PBXNativeTarget section */

/* Begin PBXProject section */
		5231173E224220BB009DA11E /* Project object */ = {
			isa = PBXProject;
			attributes = {
				LastSwiftUpdateCheck = 1010;
				LastUpgradeCheck = 1010;
				ORGANIZATIONNAME = Ganguo;
				TargetAttributes = {
					52311745224220BB009DA11E = {
						CreatedOnToolsVersion = 10.1;
					};
				};
			};
			buildConfigurationList = 52311741224220BB009DA11E /* Build configuration list for PBXProject "Demo" */;
			compatibilityVersion = "Xcode 9.3";
			developmentRegion = en;
			hasScannedForEncodings = 0;
			knownRegions = (
				en,
				Base,
			);
			mainGroup = 5231173D224220BB009DA11E;
			productRefGroup = 52311747224220BB009DA11E /* Products */;
			projectDirPath = "";
			projectRoot = "";
			targets = (
				52311745224220BB009DA11E /* Demo */,
			);
		};
/* End PBXProject section */

/* Begin PBXResourcesBuildPhase section */
		52311744224220BB009DA11E /* Resources */ = {
			isa = PBXResourcesBuildPhase;
			buildActionMask = 2147483647;
			files = (
				52311754224220BC009DA11E /* LaunchScreen.storyboard in Resources */,
				52311751224220BC009DA11E /* Assets.xcassets in Resources */,
				5231174F224220BB009DA11E /* Main.storyboard in Resources */,
			);
			runOnlyForDeploymentPostprocessing = 0;
		};
/* End PBXResourcesBuildPhase section */

/* Begin PBXShellScriptBuildPhase section */
		52311776224223D5009DA11E /* swiftlint */ = {
			isa = PBXShellScriptBuildPhase;
			buildActionMask = 2147483647;
			files = (
			);
			inputFileListPaths = (
			);
			inputPaths = (
			);
			name = swiftlint;
			outputFileListPaths = (
			);
			outputPaths = (
			);
			runOnlyForDeploymentPostprocessing = 0;
			shellPath = /bin/sh;
			shellScript = "\"${PODS_ROOT}/SwiftLint/swiftlint\"\n";
		};
		6D8C5ADB79682AE17EC98E71 /* [CP] Check Pods Manifest.lock */ = {
			isa = PBXShellScriptBuildPhase;
			buildActionMask = 2147483647;
			files = (
			);
			inputFileListPaths = (
			);
			inputPaths = (
				"${PODS_PODFILE_DIR_PATH}/Podfile.lock",
				"${PODS_ROOT}/Manifest.lock",
			);
			name = "[CP] Check Pods Manifest.lock";
			outputFileListPaths = (
			);
			outputPaths = (
				"$(DERIVED_FILE_DIR)/Pods-Demo-checkManifestLockResult.txt",
			);
			runOnlyForDeploymentPostprocessing = 0;
			shellPath = /bin/sh;
			shellScript = "diff \"${PODS_PODFILE_DIR_PATH}/Podfile.lock\" \"${PODS_ROOT}/Manifest.lock\" > /dev/null\nif [ $? != 0 ] ; then\n    # print error to STDERR\n    echo \"error: The sandbox is not in sync with the Podfile.lock. Run 'pod install' or update your CocoaPods installation.\" >&2\n    exit 1\nfi\n# This output is used by Xcode 'outputs' to avoid re-running this script phase.\necho \"SUCCESS\" > \"${SCRIPT_OUTPUT_FILE_0}\"\n";
			showEnvVarsInLog = 0;
		};
		793FCC70FEDC4EFF9BD57A2D /* [CP] Embed Pods Frameworks */ = {
			isa = PBXShellScriptBuildPhase;
			buildActionMask = 2147483647;
			files = (
			);
			inputFileListPaths = (
				"${PODS_ROOT}/Target Support Files/Pods-Demo/Pods-Demo-frameworks-${CONFIGURATION}-input-files.xcfilelist",
			);
			name = "[CP] Embed Pods Frameworks";
			outputFileListPaths = (
				"${PODS_ROOT}/Target Support Files/Pods-Demo/Pods-Demo-frameworks-${CONFIGURATION}-output-files.xcfilelist",
			);
			runOnlyForDeploymentPostprocessing = 0;
			shellPath = /bin/sh;
			shellScript = "\"${PODS_ROOT}/Target Support Files/Pods-Demo/Pods-Demo-frameworks.sh\"\n";
			showEnvVarsInLog = 0;
		};
/* End PBXShellScriptBuildPhase section */

/* Begin PBXSourcesBuildPhase section */
		52311742224220BB009DA11E /* Sources */ = {
			isa = PBXSourcesBuildPhase;
			buildActionMask = 2147483647;
			files = (
				5244488722F2D90100BE51DC /* String+Range.swift in Sources */,
				5244488A22F2D90100BE51DC /* CALayer+Sketch.swift in Sources */,
				5244487E22F2D90100BE51DC /* CollectionViewCenteredFlowLayout.swift in Sources */,
				5244485A22F2D90100BE51DC /* UIButton+WebImage.swift in Sources */,
				5244487922F2D90100BE51DC /* UIViewController+Navigation.swift in Sources */,
				5244489522F2D90100BE51DC /* UIView+Hud.swift in Sources */,
				5244486422F2D90100BE51DC /* GestureClosure.swift in Sources */,
				5244486822F2D90100BE51DC /* CustomButton.swift in Sources */,
				5244485922F2D90100BE51DC /* UIImageView+.swift in Sources */,
				5244487D22F2D90100BE51DC /* UICollectionViewLeftAlignedLayout.swift in Sources */,
				5244485D22F2D90100BE51DC /* ScrollDirectionTracker.swift in Sources */,
				5244488022F2D90100BE51DC /* Number+.swift in Sources */,
				5244487C22F2D90100BE51DC /* UITextView+Slice.swift in Sources */,
				5244487522F2D90100BE51DC /* Date+.swift in Sources */,
				5244486922F2D90100BE51DC /* SingleLineButton.swift in Sources */,
				5244486B22F2D90100BE51DC /* UIControl+EnlargeEdge.swift in Sources */,
				5244485E22F2D90100BE51DC /* UIView+Constraint.swift in Sources */,
				5244488522F2D90100BE51DC /* UISearchBar+.swift in Sources */,
				5244488822F2D90100BE51DC /* String+Tool.swift in Sources */,
				5244485B22F2D90100BE51DC /* UIImage+.swift in Sources */,
				5244488F22F2D90100BE51DC /* UITabBar+.swift in Sources */,
				5244486722F2D90100BE51DC /* UILabel+.swift in Sources */,
				5244487722F2D90100BE51DC /* UINavigationController+.swift in Sources */,
				5244485F22F2D90100BE51DC /* LayoutConstraint.swift in Sources */,
				5244487822F2D90100BE51DC /* CustomBarButtonItem.swift in Sources */,
				5244486D22F2D90100BE51DC /* DispatchQueue+.swift in Sources */,
				5244487222F2D90100BE51DC /* Globals.swift in Sources */,
				5244488C22F2D90100BE51DC /* NSObject+.swift in Sources */,
				5244488E22F2D90100BE51DC /* UITabBarItem+.swift in Sources */,
				5244486222F2D90100BE51DC /* UIBarButtonItem+Closures.swift in Sources */,
				5244487F22F2D90100BE51DC /* UIBarButtonItem+.swift in Sources */,
				5244487622F2D90100BE51DC /* WebViewController.swift in Sources */,
				5244488622F2D90100BE51DC /* String+Size.swift in Sources */,
				5244486A22F2D90100BE51DC /* LayoutButton.swift in Sources */,
				5244486E22F2D90100BE51DC /* Codable+.swift in Sources */,
				5231174C224220BB009DA11E /* ViewController.swift in Sources */,
				5244486122F2D90100BE51DC /* UIView+Closures.swift in Sources */,
				5244489122F2D90100BE51DC /* PhotoPickerHelper.swift in Sources */,
				5244486C22F2D90100BE51DC /* UIColor+.swift in Sources */,
				5244486322F2D90100BE51DC /* UIControl+Closures.swift in Sources */,
				5244486022F2D90100BE51DC /* UIGestureRecognizer+Closures.swift in Sources */,
				5244487122F2D90100BE51DC /* GGUI.swift in Sources */,
				5244488322F2D90100BE51DC /* UIViewController+.swift in Sources */,
				5244487022F2D90100BE51DC /* SingleLineView.swift in Sources */,
				5244488222F2D90100BE51DC /* CLLocationCoordinate2D+.swift in Sources */,
				5244489222F2D90100BE51DC /* CustomTextField.swift in Sources */,
				5244485C22F2D90100BE51DC /* SizeHelper.swift in Sources */,
				5231174A224220BB009DA11E /* AppDelegate.swift in Sources */,
				5244487B22F2D90100BE51DC /* UINavigationBar+.swift in Sources */,
				5244486622F2D90100BE51DC /* InsetLabel.swift in Sources */,
				5244488922F2D90100BE51DC /* String+Attributed.swift in Sources */,
				5244486F22F2D90100BE51DC /* UIView+Extension.swift in Sources */,
				5244488122F2D90100BE51DC /* MapOPenURL.swift in Sources */,
				5244487A22F2D90100BE51DC /* BaseNavigationController.swift in Sources */,
				5244488B22F2D90100BE51DC /* ViewModelBinding.swift in Sources */,
				5244486522F2D90100BE51DC /* ClosureHandler.swift in Sources */,
				5244489322F2D90100BE51DC /* UITextField+Slice.swift in Sources */,
				5244487422F2D90100BE51DC /* Device.generated.swift in Sources */,
				5244487322F2D90100BE51DC /* UIDevice+.swift in Sources */,
				5244489422F2D90100BE51DC /* SendCodeButton.swift in Sources */,
				5244488422F2D90100BE51DC /* UITableView+.swift in Sources */,
				5244488D22F2D90100BE51DC /* BulgeTabBar.swift in Sources */,
				5244489022F2D90100BE51DC /* UITabBarController+.swift in Sources */,
			);
			runOnlyForDeploymentPostprocessing = 0;
		};
/* End PBXSourcesBuildPhase section */

/* Begin PBXVariantGroup section */
		5231174D224220BB009DA11E /* Main.storyboard */ = {
			isa = PBXVariantGroup;
			children = (
				5231174E224220BB009DA11E /* Base */,
			);
			name = Main.storyboard;
			sourceTree = "<group>";
		};
		52311752224220BC009DA11E /* LaunchScreen.storyboard */ = {
			isa = PBXVariantGroup;
			children = (
				52311753224220BC009DA11E /* Base */,
			);
			name = LaunchScreen.storyboard;
			sourceTree = "<group>";
		};
/* End PBXVariantGroup section */

/* Begin XCBuildConfiguration section */
		52311756224220BC009DA11E /* Debug */ = {
			isa = XCBuildConfiguration;
			buildSettings = {
				ALWAYS_SEARCH_USER_PATHS = NO;
				CLANG_ANALYZER_NONNULL = YES;
				CLANG_ANALYZER_NUMBER_OBJECT_CONVERSION = YES_AGGRESSIVE;
				CLANG_CXX_LANGUAGE_STANDARD = "gnu++14";
				CLANG_CXX_LIBRARY = "libc++";
				CLANG_ENABLE_MODULES = YES;
				CLANG_ENABLE_OBJC_ARC = YES;
				CLANG_ENABLE_OBJC_WEAK = YES;
				CLANG_WARN_BLOCK_CAPTURE_AUTORELEASING = YES;
				CLANG_WARN_BOOL_CONVERSION = YES;
				CLANG_WARN_COMMA = YES;
				CLANG_WARN_CONSTANT_CONVERSION = YES;
				CLANG_WARN_DEPRECATED_OBJC_IMPLEMENTATIONS = YES;
				CLANG_WARN_DIRECT_OBJC_ISA_USAGE = YES_ERROR;
				CLANG_WARN_DOCUMENTATION_COMMENTS = YES;
				CLANG_WARN_EMPTY_BODY = YES;
				CLANG_WARN_ENUM_CONVERSION = YES;
				CLANG_WARN_INFINITE_RECURSION = YES;
				CLANG_WARN_INT_CONVERSION = YES;
				CLANG_WARN_NON_LITERAL_NULL_CONVERSION = YES;
				CLANG_WARN_OBJC_IMPLICIT_RETAIN_SELF = YES;
				CLANG_WARN_OBJC_LITERAL_CONVERSION = YES;
				CLANG_WARN_OBJC_ROOT_CLASS = YES_ERROR;
				CLANG_WARN_RANGE_LOOP_ANALYSIS = YES;
				CLANG_WARN_STRICT_PROTOTYPES = YES;
				CLANG_WARN_SUSPICIOUS_MOVE = YES;
				CLANG_WARN_UNGUARDED_AVAILABILITY = YES_AGGRESSIVE;
				CLANG_WARN_UNREACHABLE_CODE = YES;
				CLANG_WARN__DUPLICATE_METHOD_MATCH = YES;
				CODE_SIGN_IDENTITY = "iPhone Developer";
				COPY_PHASE_STRIP = NO;
				DEBUG_INFORMATION_FORMAT = dwarf;
				ENABLE_STRICT_OBJC_MSGSEND = YES;
				ENABLE_TESTABILITY = YES;
				GCC_C_LANGUAGE_STANDARD = gnu11;
				GCC_DYNAMIC_NO_PIC = NO;
				GCC_NO_COMMON_BLOCKS = YES;
				GCC_OPTIMIZATION_LEVEL = 0;
				GCC_PREPROCESSOR_DEFINITIONS = (
					"DEBUG=1",
					"$(inherited)",
				);
				GCC_WARN_64_TO_32_BIT_CONVERSION = YES;
				GCC_WARN_ABOUT_RETURN_TYPE = YES_ERROR;
				GCC_WARN_UNDECLARED_SELECTOR = YES;
				GCC_WARN_UNINITIALIZED_AUTOS = YES_AGGRESSIVE;
				GCC_WARN_UNUSED_FUNCTION = YES;
				GCC_WARN_UNUSED_VARIABLE = YES;
				IPHONEOS_DEPLOYMENT_TARGET = 12.1;
				MTL_ENABLE_DEBUG_INFO = INCLUDE_SOURCE;
				MTL_FAST_MATH = YES;
				ONLY_ACTIVE_ARCH = YES;
				SDKROOT = iphoneos;
				SWIFT_ACTIVE_COMPILATION_CONDITIONS = DEBUG;
				SWIFT_OPTIMIZATION_LEVEL = "-Onone";
			};
			name = Debug;
		};
		52311757224220BC009DA11E /* Release */ = {
			isa = XCBuildConfiguration;
			buildSettings = {
				ALWAYS_SEARCH_USER_PATHS = NO;
				CLANG_ANALYZER_NONNULL = YES;
				CLANG_ANALYZER_NUMBER_OBJECT_CONVERSION = YES_AGGRESSIVE;
				CLANG_CXX_LANGUAGE_STANDARD = "gnu++14";
				CLANG_CXX_LIBRARY = "libc++";
				CLANG_ENABLE_MODULES = YES;
				CLANG_ENABLE_OBJC_ARC = YES;
				CLANG_ENABLE_OBJC_WEAK = YES;
				CLANG_WARN_BLOCK_CAPTURE_AUTORELEASING = YES;
				CLANG_WARN_BOOL_CONVERSION = YES;
				CLANG_WARN_COMMA = YES;
				CLANG_WARN_CONSTANT_CONVERSION = YES;
				CLANG_WARN_DEPRECATED_OBJC_IMPLEMENTATIONS = YES;
				CLANG_WARN_DIRECT_OBJC_ISA_USAGE = YES_ERROR;
				CLANG_WARN_DOCUMENTATION_COMMENTS = YES;
				CLANG_WARN_EMPTY_BODY = YES;
				CLANG_WARN_ENUM_CONVERSION = YES;
				CLANG_WARN_INFINITE_RECURSION = YES;
				CLANG_WARN_INT_CONVERSION = YES;
				CLANG_WARN_NON_LITERAL_NULL_CONVERSION = YES;
				CLANG_WARN_OBJC_IMPLICIT_RETAIN_SELF = YES;
				CLANG_WARN_OBJC_LITERAL_CONVERSION = YES;
				CLANG_WARN_OBJC_ROOT_CLASS = YES_ERROR;
				CLANG_WARN_RANGE_LOOP_ANALYSIS = YES;
				CLANG_WARN_STRICT_PROTOTYPES = YES;
				CLANG_WARN_SUSPICIOUS_MOVE = YES;
				CLANG_WARN_UNGUARDED_AVAILABILITY = YES_AGGRESSIVE;
				CLANG_WARN_UNREACHABLE_CODE = YES;
				CLANG_WARN__DUPLICATE_METHOD_MATCH = YES;
				CODE_SIGN_IDENTITY = "iPhone Developer";
				COPY_PHASE_STRIP = NO;
				DEBUG_INFORMATION_FORMAT = "dwarf-with-dsym";
				ENABLE_NS_ASSERTIONS = NO;
				ENABLE_STRICT_OBJC_MSGSEND = YES;
				GCC_C_LANGUAGE_STANDARD = gnu11;
				GCC_NO_COMMON_BLOCKS = YES;
				GCC_WARN_64_TO_32_BIT_CONVERSION = YES;
				GCC_WARN_ABOUT_RETURN_TYPE = YES_ERROR;
				GCC_WARN_UNDECLARED_SELECTOR = YES;
				GCC_WARN_UNINITIALIZED_AUTOS = YES_AGGRESSIVE;
				GCC_WARN_UNUSED_FUNCTION = YES;
				GCC_WARN_UNUSED_VARIABLE = YES;
				IPHONEOS_DEPLOYMENT_TARGET = 12.1;
				MTL_ENABLE_DEBUG_INFO = NO;
				MTL_FAST_MATH = YES;
				SDKROOT = iphoneos;
				SWIFT_COMPILATION_MODE = wholemodule;
				SWIFT_OPTIMIZATION_LEVEL = "-O";
				VALIDATE_PRODUCT = YES;
			};
			name = Release;
		};
		52311759224220BC009DA11E /* Debug */ = {
			isa = XCBuildConfiguration;
			baseConfigurationReference = D54361C755514BBAE1B9D54D /* Pods-Demo.debug.xcconfig */;
			buildSettings = {
				ASSETCATALOG_COMPILER_APPICON_NAME = AppIcon;
				CODE_SIGN_STYLE = Automatic;
				DEVELOPMENT_TEAM = GL2VUTHN95;
				INFOPLIST_FILE = Demo/Info.plist;
				LD_RUNPATH_SEARCH_PATHS = (
					"$(inherited)",
					"@executable_path/Frameworks",
				);
				PRODUCT_BUNDLE_IDENTIFIER = ganguo.hk.Demo;
				PRODUCT_NAME = "$(TARGET_NAME)";
				SWIFT_VERSION = 5.0;
				TARGETED_DEVICE_FAMILY = "1,2";
			};
			name = Debug;
		};
		5231175A224220BC009DA11E /* Release */ = {
			isa = XCBuildConfiguration;
			baseConfigurationReference = D6DE19B8AED172C0429F6A09 /* Pods-Demo.release.xcconfig */;
			buildSettings = {
				ASSETCATALOG_COMPILER_APPICON_NAME = AppIcon;
				CODE_SIGN_STYLE = Automatic;
				DEVELOPMENT_TEAM = GL2VUTHN95;
				INFOPLIST_FILE = Demo/Info.plist;
				LD_RUNPATH_SEARCH_PATHS = (
					"$(inherited)",
					"@executable_path/Frameworks",
				);
				PRODUCT_BUNDLE_IDENTIFIER = ganguo.hk.Demo;
				PRODUCT_NAME = "$(TARGET_NAME)";
				SWIFT_VERSION = 5.0;
				TARGETED_DEVICE_FAMILY = "1,2";
			};
			name = Release;
		};
/* End XCBuildConfiguration section */

/* Begin XCConfigurationList section */
		52311741224220BB009DA11E /* Build configuration list for PBXProject "Demo" */ = {
			isa = XCConfigurationList;
			buildConfigurations = (
				52311756224220BC009DA11E /* Debug */,
				52311757224220BC009DA11E /* Release */,
			);
			defaultConfigurationIsVisible = 0;
			defaultConfigurationName = Release;
		};
		52311758224220BC009DA11E /* Build configuration list for PBXNativeTarget "Demo" */ = {
			isa = XCConfigurationList;
			buildConfigurations = (
				52311759224220BC009DA11E /* Debug */,
				5231175A224220BC009DA11E /* Release */,
			);
			defaultConfigurationIsVisible = 0;
			defaultConfigurationName = Release;
		};
/* End XCConfigurationList section */
	};
	rootObject = 5231173E224220BB009DA11E /* Project object */;
}
