// !$*UTF8*$!
{
	archiveVersion = 1;
	classes = {
	};
	objectVersion = 51;
	objects = {

/* Begin PBXBuildFile section */
		5231174A224220BB009DA11E /* AppDelegate.swift in Sources */ = {isa = PBXBuildFile; fileRef = 52311749224220BB009DA11E /* AppDelegate.swift */; };
		5231174C224220BB009DA11E /* ViewController.swift in Sources */ = {isa = PBXBuildFile; fileRef = 5231174B224220BB009DA11E /* ViewController.swift */; };
		5231174F224220BB009DA11E /* Main.storyboard in Resources */ = {isa = PBXBuildFile; fileRef = 5231174D224220BB009DA11E /* Main.storyboard */; };
		52311751224220BC009DA11E /* Assets.xcassets in Resources */ = {isa = PBXBuildFile; fileRef = 52311750224220BC009DA11E /* Assets.xcassets */; };
		52311754224220BC009DA11E /* LaunchScreen.storyboard in Resources */ = {isa = PBXBuildFile; fileRef = 52311752224220BC009DA11E /* LaunchScreen.storyboard */; };
		5271C1CB2301537D00A5DC64 /* UIImageView+.swift in Sources */ = {isa = PBXBuildFile; fileRef = 5271C16B2301537D00A5DC64 /* UIImageView+.swift */; };
		5271C1CC2301537D00A5DC64 /* UIButton+WebImage.swift in Sources */ = {isa = PBXBuildFile; fileRef = 5271C16C2301537D00A5DC64 /* UIButton+WebImage.swift */; };
		5271C1CD2301537D00A5DC64 /* UIImage+.swift in Sources */ = {isa = PBXBuildFile; fileRef = 5271C16F2301537D00A5DC64 /* UIImage+.swift */; };
		5271C1CE2301537D00A5DC64 /* SizeHelper.swift in Sources */ = {isa = PBXBuildFile; fileRef = 5271C1712301537D00A5DC64 /* SizeHelper.swift */; };
		5271C1CF2301537D00A5DC64 /* ScrollDirectionTracker.swift in Sources */ = {isa = PBXBuildFile; fileRef = 5271C1732301537D00A5DC64 /* ScrollDirectionTracker.swift */; };
		5271C1D02301537D00A5DC64 /* UIView+Constraint.swift in Sources */ = {isa = PBXBuildFile; fileRef = 5271C1752301537D00A5DC64 /* UIView+Constraint.swift */; };
		5271C1D12301537D00A5DC64 /* LayoutConstraint.swift in Sources */ = {isa = PBXBuildFile; fileRef = 5271C1762301537D00A5DC64 /* LayoutConstraint.swift */; };
		5271C1D22301537D00A5DC64 /* UIGestureRecognizer+Closures.swift in Sources */ = {isa = PBXBuildFile; fileRef = 5271C1782301537D00A5DC64 /* UIGestureRecognizer+Closures.swift */; };
		5271C1D32301537D00A5DC64 /* UIView+Closures.swift in Sources */ = {isa = PBXBuildFile; fileRef = 5271C1792301537D00A5DC64 /* UIView+Closures.swift */; };
		5271C1D42301537D00A5DC64 /* UIBarButtonItem+Closures.swift in Sources */ = {isa = PBXBuildFile; fileRef = 5271C17A2301537D00A5DC64 /* UIBarButtonItem+Closures.swift */; };
		5271C1D52301537D00A5DC64 /* UIControl+Closures.swift in Sources */ = {isa = PBXBuildFile; fileRef = 5271C17B2301537D00A5DC64 /* UIControl+Closures.swift */; };
		5271C1D62301537D00A5DC64 /* GestureClosure.swift in Sources */ = {isa = PBXBuildFile; fileRef = 5271C17C2301537D00A5DC64 /* GestureClosure.swift */; };
		5271C1D72301537D00A5DC64 /* ClosureHandler.swift in Sources */ = {isa = PBXBuildFile; fileRef = 5271C17D2301537D00A5DC64 /* ClosureHandler.swift */; };
		5271C1D82301537D00A5DC64 /* InsetLabel.swift in Sources */ = {isa = PBXBuildFile; fileRef = 5271C17F2301537D00A5DC64 /* InsetLabel.swift */; };
		5271C1D92301537D00A5DC64 /* UILabel+.swift in Sources */ = {isa = PBXBuildFile; fileRef = 5271C1802301537D00A5DC64 /* UILabel+.swift */; };
		5271C1DA2301537D00A5DC64 /* CustomButton.swift in Sources */ = {isa = PBXBuildFile; fileRef = 5271C1822301537D00A5DC64 /* CustomButton.swift */; };
		5271C1DB2301537D00A5DC64 /* SingleLineButton.swift in Sources */ = {isa = PBXBuildFile; fileRef = 5271C1832301537D00A5DC64 /* SingleLineButton.swift */; };
		5271C1DC2301537D00A5DC64 /* LayoutButton.swift in Sources */ = {isa = PBXBuildFile; fileRef = 5271C1842301537D00A5DC64 /* LayoutButton.swift */; };
		5271C1DD2301537D00A5DC64 /* UIControl+EnlargeEdge.swift in Sources */ = {isa = PBXBuildFile; fileRef = 5271C1852301537D00A5DC64 /* UIControl+EnlargeEdge.swift */; };
		5271C1DE2301537D00A5DC64 /* UIColor+.swift in Sources */ = {isa = PBXBuildFile; fileRef = 5271C1872301537D00A5DC64 /* UIColor+.swift */; };
		5271C1DF2301537D00A5DC64 /* DispatchQueue+.swift in Sources */ = {isa = PBXBuildFile; fileRef = 5271C1892301537D00A5DC64 /* DispatchQueue+.swift */; };
		5271C1E02301537D00A5DC64 /* Codable+.swift in Sources */ = {isa = PBXBuildFile; fileRef = 5271C18B2301537D00A5DC64 /* Codable+.swift */; };
		5271C1E12301537D00A5DC64 /* UIView+Extension.swift in Sources */ = {isa = PBXBuildFile; fileRef = 5271C18D2301537D00A5DC64 /* UIView+Extension.swift */; };
		5271C1E22301537D00A5DC64 /* SingleLineView.swift in Sources */ = {isa = PBXBuildFile; fileRef = 5271C18E2301537D00A5DC64 /* SingleLineView.swift */; };
		5271C1E32301537D00A5DC64 /* GGUI.swift in Sources */ = {isa = PBXBuildFile; fileRef = 5271C1902301537D00A5DC64 /* GGUI.swift */; };
		5271C1E42301537D00A5DC64 /* Globals.swift in Sources */ = {isa = PBXBuildFile; fileRef = 5271C1912301537D00A5DC64 /* Globals.swift */; };
		5271C1E52301537D00A5DC64 /* UIDevice+.swift in Sources */ = {isa = PBXBuildFile; fileRef = 5271C1932301537D00A5DC64 /* UIDevice+.swift */; };
		5271C1E62301537D00A5DC64 /* Device.generated.swift in Sources */ = {isa = PBXBuildFile; fileRef = 5271C1942301537D00A5DC64 /* Device.generated.swift */; };
		5271C1E72301537D00A5DC64 /* Date+.swift in Sources */ = {isa = PBXBuildFile; fileRef = 5271C1962301537D00A5DC64 /* Date+.swift */; };
		5271C1E82301537D00A5DC64 /* WebViewController.swift in Sources */ = {isa = PBXBuildFile; fileRef = 5271C1982301537D00A5DC64 /* WebViewController.swift */; };
		5271C1E92301537D00A5DC64 /* UINavigationController+.swift in Sources */ = {isa = PBXBuildFile; fileRef = 5271C19A2301537D00A5DC64 /* UINavigationController+.swift */; };
		5271C1EA2301537D00A5DC64 /* CustomBarButtonItem.swift in Sources */ = {isa = PBXBuildFile; fileRef = 5271C19B2301537D00A5DC64 /* CustomBarButtonItem.swift */; };
		5271C1EB2301537D00A5DC64 /* UIViewController+Navigation.swift in Sources */ = {isa = PBXBuildFile; fileRef = 5271C19C2301537D00A5DC64 /* UIViewController+Navigation.swift */; };
		5271C1EC2301537D00A5DC64 /* BaseNavigationController.swift in Sources */ = {isa = PBXBuildFile; fileRef = 5271C19D2301537D00A5DC64 /* BaseNavigationController.swift */; };
		5271C1ED2301537D00A5DC64 /* UINavigationBar+.swift in Sources */ = {isa = PBXBuildFile; fileRef = 5271C19E2301537D00A5DC64 /* UINavigationBar+.swift */; };
		5271C1EE2301537D00A5DC64 /* UITextView+Slice.swift in Sources */ = {isa = PBXBuildFile; fileRef = 5271C1A02301537D00A5DC64 /* UITextView+Slice.swift */; };
		5271C1EF2301537D00A5DC64 /* UICollectionViewLeftAlignedLayout.swift in Sources */ = {isa = PBXBuildFile; fileRef = 5271C1A22301537D00A5DC64 /* UICollectionViewLeftAlignedLayout.swift */; };
		5271C1F02301537D00A5DC64 /* CollectionViewCenteredFlowLayout.swift in Sources */ = {isa = PBXBuildFile; fileRef = 5271C1A32301537D00A5DC64 /* CollectionViewCenteredFlowLayout.swift */; };
		5271C1F12301537D00A5DC64 /* UIBarButtonItem+.swift in Sources */ = {isa = PBXBuildFile; fileRef = 5271C1A52301537D00A5DC64 /* UIBarButtonItem+.swift */; };
		5271C1F22301537D00A5DC64 /* Number+.swift in Sources */ = {isa = PBXBuildFile; fileRef = 5271C1A72301537D00A5DC64 /* Number+.swift */; };
		5271C1F32301537D00A5DC64 /* MapOPenURL.swift in Sources */ = {isa = PBXBuildFile; fileRef = 5271C1A92301537D00A5DC64 /* MapOPenURL.swift */; };
		5271C1F42301537D00A5DC64 /* CLLocationCoordinate2D+.swift in Sources */ = {isa = PBXBuildFile; fileRef = 5271C1AA2301537D00A5DC64 /* CLLocationCoordinate2D+.swift */; };
		5271C1F52301537D00A5DC64 /* UIViewController+.swift in Sources */ = {isa = PBXBuildFile; fileRef = 5271C1AC2301537D00A5DC64 /* UIViewController+.swift */; };
		5271C1F62301537D00A5DC64 /* UITableView+.swift in Sources */ = {isa = PBXBuildFile; fileRef = 5271C1AE2301537D00A5DC64 /* UITableView+.swift */; };
		5271C1F72301537D00A5DC64 /* UISearchBar+.swift in Sources */ = {isa = PBXBuildFile; fileRef = 5271C1B02301537D00A5DC64 /* UISearchBar+.swift */; };
		5271C1F82301537D00A5DC64 /* String+Size.swift in Sources */ = {isa = PBXBuildFile; fileRef = 5271C1B22301537D00A5DC64 /* String+Size.swift */; };
		5271C1F92301537D00A5DC64 /* String+Range.swift in Sources */ = {isa = PBXBuildFile; fileRef = 5271C1B32301537D00A5DC64 /* String+Range.swift */; };
		5271C1FA2301537D00A5DC64 /* String+Tool.swift in Sources */ = {isa = PBXBuildFile; fileRef = 5271C1B42301537D00A5DC64 /* String+Tool.swift */; };
		5271C1FB2301537D00A5DC64 /* String+Attributed.swift in Sources */ = {isa = PBXBuildFile; fileRef = 5271C1B52301537D00A5DC64 /* String+Attributed.swift */; };
		5271C1FC2301537D00A5DC64 /* CALayer+Sketch.swift in Sources */ = {isa = PBXBuildFile; fileRef = 5271C1B72301537D00A5DC64 /* CALayer+Sketch.swift */; };
		5271C1FD2301537D00A5DC64 /* ViewModelBinding.swift in Sources */ = {isa = PBXBuildFile; fileRef = 5271C1B92301537D00A5DC64 /* ViewModelBinding.swift */; };
		5271C1FE2301537D00A5DC64 /* NSObject+.swift in Sources */ = {isa = PBXBuildFile; fileRef = 5271C1BB2301537D00A5DC64 /* NSObject+.swift */; };
		5271C1FF2301537D00A5DC64 /* BulgeTabBar.swift in Sources */ = {isa = PBXBuildFile; fileRef = 5271C1BD2301537D00A5DC64 /* BulgeTabBar.swift */; };
		5271C2002301537D00A5DC64 /* UITabBarItem+.swift in Sources */ = {isa = PBXBuildFile; fileRef = 5271C1BE2301537D00A5DC64 /* UITabBarItem+.swift */; };
		5271C2012301537D00A5DC64 /* UITabBar+.swift in Sources */ = {isa = PBXBuildFile; fileRef = 5271C1BF2301537D00A5DC64 /* UITabBar+.swift */; };
		5271C2022301537D00A5DC64 /* UITabBarController+.swift in Sources */ = {isa = PBXBuildFile; fileRef = 5271C1C02301537D00A5DC64 /* UITabBarController+.swift */; };
		5271C2032301537D00A5DC64 /* PhotoPickerHelper.swift in Sources */ = {isa = PBXBuildFile; fileRef = 5271C1C22301537D00A5DC64 /* PhotoPickerHelper.swift */; };
		5271C2042301537D00A5DC64 /* ImageCropperViewController.swift in Sources */ = {isa = PBXBuildFile; fileRef = 5271C1C32301537D00A5DC64 /* ImageCropperViewController.swift */; };
		5271C2052301537D00A5DC64 /* CustomTextField.swift in Sources */ = {isa = PBXBuildFile; fileRef = 5271C1C52301537D00A5DC64 /* CustomTextField.swift */; };
		5271C2062301537D00A5DC64 /* UITextField+Slice.swift in Sources */ = {isa = PBXBuildFile; fileRef = 5271C1C62301537D00A5DC64 /* UITextField+Slice.swift */; };
		5271C2072301537D00A5DC64 /* SendCodeButton.swift in Sources */ = {isa = PBXBuildFile; fileRef = 5271C1C82301537D00A5DC64 /* SendCodeButton.swift */; };
		5271C2082301537D00A5DC64 /* UIView+Hud.swift in Sources */ = {isa = PBXBuildFile; fileRef = 5271C1CA2301537D00A5DC64 /* UIView+Hud.swift */; };
		6AE55BD82B17E80F5D34CCD7 /* Pods_Demo.framework in Frameworks */ = {isa = PBXBuildFile; fileRef = F33725A8DB54E01249AF6D6C /* Pods_Demo.framework */; };
/* End PBXBuildFile section */

/* Begin PBXFileReference section */
		52311746224220BB009DA11E /* Demo.app */ = {isa = PBXFileReference; explicitFileType = wrapper.application; includeInIndex = 0; path = Demo.app; sourceTree = BUILT_PRODUCTS_DIR; };
		52311749224220BB009DA11E /* AppDelegate.swift */ = {isa = PBXFileReference; lastKnownFileType = sourcecode.swift; path = AppDelegate.swift; sourceTree = "<group>"; };
		5231174B224220BB009DA11E /* ViewController.swift */ = {isa = PBXFileReference; lastKnownFileType = sourcecode.swift; path = ViewController.swift; sourceTree = "<group>"; };
		5231174E224220BB009DA11E /* Base */ = {isa = PBXFileReference; lastKnownFileType = file.storyboard; name = Base; path = Base.lproj/Main.storyboard; sourceTree = "<group>"; };
		52311750224220BC009DA11E /* Assets.xcassets */ = {isa = PBXFileReference; lastKnownFileType = folder.assetcatalog; path = Assets.xcassets; sourceTree = "<group>"; };
		52311753224220BC009DA11E /* Base */ = {isa = PBXFileReference; lastKnownFileType = file.storyboard; name = Base; path = Base.lproj/LaunchScreen.storyboard; sourceTree = "<group>"; };
		52311755224220BC009DA11E /* Info.plist */ = {isa = PBXFileReference; lastKnownFileType = text.plist.xml; path = Info.plist; sourceTree = "<group>"; };
		5271C16B2301537D00A5DC64 /* UIImageView+.swift */ = {isa = PBXFileReference; fileEncoding = 4; lastKnownFileType = sourcecode.swift; path = "UIImageView+.swift"; sourceTree = "<group>"; };
		5271C16C2301537D00A5DC64 /* UIButton+WebImage.swift */ = {isa = PBXFileReference; fileEncoding = 4; lastKnownFileType = sourcecode.swift; path = "UIButton+WebImage.swift"; sourceTree = "<group>"; };
		5271C16F2301537D00A5DC64 /* UIImage+.swift */ = {isa = PBXFileReference; fileEncoding = 4; lastKnownFileType = sourcecode.swift; path = "UIImage+.swift"; sourceTree = "<group>"; };
		5271C1712301537D00A5DC64 /* SizeHelper.swift */ = {isa = PBXFileReference; fileEncoding = 4; lastKnownFileType = sourcecode.swift; path = SizeHelper.swift; sourceTree = "<group>"; };
		5271C1732301537D00A5DC64 /* ScrollDirectionTracker.swift */ = {isa = PBXFileReference; fileEncoding = 4; lastKnownFileType = sourcecode.swift; path = ScrollDirectionTracker.swift; sourceTree = "<group>"; };
		5271C1752301537D00A5DC64 /* UIView+Constraint.swift */ = {isa = PBXFileReference; fileEncoding = 4; lastKnownFileType = sourcecode.swift; path = "UIView+Constraint.swift"; sourceTree = "<group>"; };
		5271C1762301537D00A5DC64 /* LayoutConstraint.swift */ = {isa = PBXFileReference; fileEncoding = 4; lastKnownFileType = sourcecode.swift; path = LayoutConstraint.swift; sourceTree = "<group>"; };
		5271C1782301537D00A5DC64 /* UIGestureRecognizer+Closures.swift */ = {isa = PBXFileReference; fileEncoding = 4; lastKnownFileType = sourcecode.swift; path = "UIGestureRecognizer+Closures.swift"; sourceTree = "<group>"; };
		5271C1792301537D00A5DC64 /* UIView+Closures.swift */ = {isa = PBXFileReference; fileEncoding = 4; lastKnownFileType = sourcecode.swift; path = "UIView+Closures.swift"; sourceTree = "<group>"; };
		5271C17A2301537D00A5DC64 /* UIBarButtonItem+Closures.swift */ = {isa = PBXFileReference; fileEncoding = 4; lastKnownFileType = sourcecode.swift; path = "UIBarButtonItem+Closures.swift"; sourceTree = "<group>"; };
		5271C17B2301537D00A5DC64 /* UIControl+Closures.swift */ = {isa = PBXFileReference; fileEncoding = 4; lastKnownFileType = sourcecode.swift; path = "UIControl+Closures.swift"; sourceTree = "<group>"; };
		5271C17C2301537D00A5DC64 /* GestureClosure.swift */ = {isa = PBXFileReference; fileEncoding = 4; lastKnownFileType = sourcecode.swift; path = GestureClosure.swift; sourceTree = "<group>"; };
		5271C17D2301537D00A5DC64 /* ClosureHandler.swift */ = {isa = PBXFileReference; fileEncoding = 4; lastKnownFileType = sourcecode.swift; path = ClosureHandler.swift; sourceTree = "<group>"; };
		5271C17F2301537D00A5DC64 /* InsetLabel.swift */ = {isa = PBXFileReference; fileEncoding = 4; lastKnownFileType = sourcecode.swift; path = InsetLabel.swift; sourceTree = "<group>"; };
		5271C1802301537D00A5DC64 /* UILabel+.swift */ = {isa = PBXFileReference; fileEncoding = 4; lastKnownFileType = sourcecode.swift; path = "UILabel+.swift"; sourceTree = "<group>"; };
		5271C1822301537D00A5DC64 /* CustomButton.swift */ = {isa = PBXFileReference; fileEncoding = 4; lastKnownFileType = sourcecode.swift; path = CustomButton.swift; sourceTree = "<group>"; };
		5271C1832301537D00A5DC64 /* SingleLineButton.swift */ = {isa = PBXFileReference; fileEncoding = 4; lastKnownFileType = sourcecode.swift; path = SingleLineButton.swift; sourceTree = "<group>"; };
		5271C1842301537D00A5DC64 /* LayoutButton.swift */ = {isa = PBXFileReference; fileEncoding = 4; lastKnownFileType = sourcecode.swift; path = LayoutButton.swift; sourceTree = "<group>"; };
		5271C1852301537D00A5DC64 /* UIControl+EnlargeEdge.swift */ = {isa = PBXFileReference; fileEncoding = 4; lastKnownFileType = sourcecode.swift; path = "UIControl+EnlargeEdge.swift"; sourceTree = "<group>"; };
		5271C1872301537D00A5DC64 /* UIColor+.swift */ = {isa = PBXFileReference; fileEncoding = 4; lastKnownFileType = sourcecode.swift; path = "UIColor+.swift"; sourceTree = "<group>"; };
		5271C1892301537D00A5DC64 /* DispatchQueue+.swift */ = {isa = PBXFileReference; fileEncoding = 4; lastKnownFileType = sourcecode.swift; path = "DispatchQueue+.swift"; sourceTree = "<group>"; };
		5271C18B2301537D00A5DC64 /* Codable+.swift */ = {isa = PBXFileReference; fileEncoding = 4; lastKnownFileType = sourcecode.swift; path = "Codable+.swift"; sourceTree = "<group>"; };
		5271C18D2301537D00A5DC64 /* UIView+Extension.swift */ = {isa = PBXFileReference; fileEncoding = 4; lastKnownFileType = sourcecode.swift; path = "UIView+Extension.swift"; sourceTree = "<group>"; };
		5271C18E2301537D00A5DC64 /* SingleLineView.swift */ = {isa = PBXFileReference; fileEncoding = 4; lastKnownFileType = sourcecode.swift; path = SingleLineView.swift; sourceTree = "<group>"; };
		5271C1902301537D00A5DC64 /* GGUI.swift */ = {isa = PBXFileReference; fileEncoding = 4; lastKnownFileType = sourcecode.swift; path = GGUI.swift; sourceTree = "<group>"; };
		5271C1912301537D00A5DC64 /* Globals.swift */ = {isa = PBXFileReference; fileEncoding = 4; lastKnownFileType = sourcecode.swift; path = Globals.swift; sourceTree = "<group>"; };
		5271C1932301537D00A5DC64 /* UIDevice+.swift */ = {isa = PBXFileReference; fileEncoding = 4; lastKnownFileType = sourcecode.swift; path = "UIDevice+.swift"; sourceTree = "<group>"; };
		5271C1942301537D00A5DC64 /* Device.generated.swift */ = {isa = PBXFileReference; fileEncoding = 4; lastKnownFileType = sourcecode.swift; path = Device.generated.swift; sourceTree = "<group>"; };
		5271C1962301537D00A5DC64 /* Date+.swift */ = {isa = PBXFileReference; fileEncoding = 4; lastKnownFileType = sourcecode.swift; path = "Date+.swift"; sourceTree = "<group>"; };
		5271C1982301537D00A5DC64 /* WebViewController.swift */ = {isa = PBXFileReference; fileEncoding = 4; lastKnownFileType = sourcecode.swift; path = WebViewController.swift; sourceTree = "<group>"; };
		5271C19A2301537D00A5DC64 /* UINavigationController+.swift */ = {isa = PBXFileReference; fileEncoding = 4; lastKnownFileType = sourcecode.swift; path = "UINavigationController+.swift"; sourceTree = "<group>"; };
		5271C19B2301537D00A5DC64 /* CustomBarButtonItem.swift */ = {isa = PBXFileReference; fileEncoding = 4; lastKnownFileType = sourcecode.swift; path = CustomBarButtonItem.swift; sourceTree = "<group>"; };
		5271C19C2301537D00A5DC64 /* UIViewController+Navigation.swift */ = {isa = PBXFileReference; fileEncoding = 4; lastKnownFileType = sourcecode.swift; path = "UIViewController+Navigation.swift"; sourceTree = "<group>"; };
		5271C19D2301537D00A5DC64 /* BaseNavigationController.swift */ = {isa = PBXFileReference; fileEncoding = 4; lastKnownFileType = sourcecode.swift; path = BaseNavigationController.swift; sourceTree = "<group>"; };
		5271C19E2301537D00A5DC64 /* UINavigationBar+.swift */ = {isa = PBXFileReference; fileEncoding = 4; lastKnownFileType = sourcecode.swift; path = "UINavigationBar+.swift"; sourceTree = "<group>"; };
		5271C1A02301537D00A5DC64 /* UITextView+Slice.swift */ = {isa = PBXFileReference; fileEncoding = 4; lastKnownFileType = sourcecode.swift; path = "UITextView+Slice.swift"; sourceTree = "<group>"; };
		5271C1A22301537D00A5DC64 /* UICollectionViewLeftAlignedLayout.swift */ = {isa = PBXFileReference; fileEncoding = 4; lastKnownFileType = sourcecode.swift; path = UICollectionViewLeftAlignedLayout.swift; sourceTree = "<group>"; };
		5271C1A32301537D00A5DC64 /* CollectionViewCenteredFlowLayout.swift */ = {isa = PBXFileReference; fileEncoding = 4; lastKnownFileType = sourcecode.swift; path = CollectionViewCenteredFlowLayout.swift; sourceTree = "<group>"; };
		5271C1A52301537D00A5DC64 /* UIBarButtonItem+.swift */ = {isa = PBXFileReference; fileEncoding = 4; lastKnownFileType = sourcecode.swift; path = "UIBarButtonItem+.swift"; sourceTree = "<group>"; };
		5271C1A72301537D00A5DC64 /* Number+.swift */ = {isa = PBXFileReference; fileEncoding = 4; lastKnownFileType = sourcecode.swift; path = "Number+.swift"; sourceTree = "<group>"; };
		5271C1A92301537D00A5DC64 /* MapOPenURL.swift */ = {isa = PBXFileReference; fileEncoding = 4; lastKnownFileType = sourcecode.swift; path = MapOPenURL.swift; sourceTree = "<group>"; };
		5271C1AA2301537D00A5DC64 /* CLLocationCoordinate2D+.swift */ = {isa = PBXFileReference; fileEncoding = 4; lastKnownFileType = sourcecode.swift; path = "CLLocationCoordinate2D+.swift"; sourceTree = "<group>"; };
		5271C1AC2301537D00A5DC64 /* UIViewController+.swift */ = {isa = PBXFileReference; fileEncoding = 4; lastKnownFileType = sourcecode.swift; path = "UIViewController+.swift"; sourceTree = "<group>"; };
		5271C1AE2301537D00A5DC64 /* UITableView+.swift */ = {isa = PBXFileReference; fileEncoding = 4; lastKnownFileType = sourcecode.swift; path = "UITableView+.swift"; sourceTree = "<group>"; };
		5271C1B02301537D00A5DC64 /* UISearchBar+.swift */ = {isa = PBXFileReference; fileEncoding = 4; lastKnownFileType = sourcecode.swift; path = "UISearchBar+.swift"; sourceTree = "<group>"; };
		5271C1B22301537D00A5DC64 /* String+Size.swift */ = {isa = PBXFileReference; fileEncoding = 4; lastKnownFileType = sourcecode.swift; path = "String+Size.swift"; sourceTree = "<group>"; };
		5271C1B32301537D00A5DC64 /* String+Range.swift */ = {isa = PBXFileReference; fileEncoding = 4; lastKnownFileType = sourcecode.swift; path = "String+Range.swift"; sourceTree = "<group>"; };
		5271C1B42301537D00A5DC64 /* String+Tool.swift */ = {isa = PBXFileReference; fileEncoding = 4; lastKnownFileType = sourcecode.swift; path = "String+Tool.swift"; sourceTree = "<group>"; };
		5271C1B52301537D00A5DC64 /* String+Attributed.swift */ = {isa = PBXFileReference; fileEncoding = 4; lastKnownFileType = sourcecode.swift; path = "String+Attributed.swift"; sourceTree = "<group>"; };
		5271C1B72301537D00A5DC64 /* CALayer+Sketch.swift */ = {isa = PBXFileReference; fileEncoding = 4; lastKnownFileType = sourcecode.swift; path = "CALayer+Sketch.swift"; sourceTree = "<group>"; };
		5271C1B92301537D00A5DC64 /* ViewModelBinding.swift */ = {isa = PBXFileReference; fileEncoding = 4; lastKnownFileType = sourcecode.swift; path = ViewModelBinding.swift; sourceTree = "<group>"; };
		5271C1BB2301537D00A5DC64 /* NSObject+.swift */ = {isa = PBXFileReference; fileEncoding = 4; lastKnownFileType = sourcecode.swift; path = "NSObject+.swift"; sourceTree = "<group>"; };
		5271C1BD2301537D00A5DC64 /* BulgeTabBar.swift */ = {isa = PBXFileReference; fileEncoding = 4; lastKnownFileType = sourcecode.swift; path = BulgeTabBar.swift; sourceTree = "<group>"; };
		5271C1BE2301537D00A5DC64 /* UITabBarItem+.swift */ = {isa = PBXFileReference; fileEncoding = 4; lastKnownFileType = sourcecode.swift; path = "UITabBarItem+.swift"; sourceTree = "<group>"; };
		5271C1BF2301537D00A5DC64 /* UITabBar+.swift */ = {isa = PBXFileReference; fileEncoding = 4; lastKnownFileType = sourcecode.swift; path = "UITabBar+.swift"; sourceTree = "<group>"; };
		5271C1C02301537D00A5DC64 /* UITabBarController+.swift */ = {isa = PBXFileReference; fileEncoding = 4; lastKnownFileType = sourcecode.swift; path = "UITabBarController+.swift"; sourceTree = "<group>"; };
		5271C1C22301537D00A5DC64 /* PhotoPickerHelper.swift */ = {isa = PBXFileReference; fileEncoding = 4; lastKnownFileType = sourcecode.swift; path = PhotoPickerHelper.swift; sourceTree = "<group>"; };
		5271C1C32301537D00A5DC64 /* ImageCropperViewController.swift */ = {isa = PBXFileReference; fileEncoding = 4; lastKnownFileType = sourcecode.swift; path = ImageCropperViewController.swift; sourceTree = "<group>"; };
		5271C1C52301537D00A5DC64 /* CustomTextField.swift */ = {isa = PBXFileReference; fileEncoding = 4; lastKnownFileType = sourcecode.swift; path = CustomTextField.swift; sourceTree = "<group>"; };
		5271C1C62301537D00A5DC64 /* UITextField+Slice.swift */ = {isa = PBXFileReference; fileEncoding = 4; lastKnownFileType = sourcecode.swift; path = "UITextField+Slice.swift"; sourceTree = "<group>"; };
		5271C1C82301537D00A5DC64 /* SendCodeButton.swift */ = {isa = PBXFileReference; fileEncoding = 4; lastKnownFileType = sourcecode.swift; path = SendCodeButton.swift; sourceTree = "<group>"; };
		5271C1CA2301537D00A5DC64 /* UIView+Hud.swift */ = {isa = PBXFileReference; fileEncoding = 4; lastKnownFileType = sourcecode.swift; path = "UIView+Hud.swift"; sourceTree = "<group>"; };
		D54361C755514BBAE1B9D54D /* Pods-Demo.debug.xcconfig */ = {isa = PBXFileReference; includeInIndex = 1; lastKnownFileType = text.xcconfig; name = "Pods-Demo.debug.xcconfig"; path = "Target Support Files/Pods-Demo/Pods-Demo.debug.xcconfig"; sourceTree = "<group>"; };
		D6DE19B8AED172C0429F6A09 /* Pods-Demo.release.xcconfig */ = {isa = PBXFileReference; includeInIndex = 1; lastKnownFileType = text.xcconfig; name = "Pods-Demo.release.xcconfig"; path = "Target Support Files/Pods-Demo/Pods-Demo.release.xcconfig"; sourceTree = "<group>"; };
		F33725A8DB54E01249AF6D6C /* Pods_Demo.framework */ = {isa = PBXFileReference; explicitFileType = wrapper.framework; includeInIndex = 0; path = Pods_Demo.framework; sourceTree = BUILT_PRODUCTS_DIR; };
/* End PBXFileReference section */

/* Begin PBXFrameworksBuildPhase section */
		52311743224220BB009DA11E /* Frameworks */ = {
			isa = PBXFrameworksBuildPhase;
			buildActionMask = 2147483647;
			files = (
				6AE55BD82B17E80F5D34CCD7 /* Pods_Demo.framework in Frameworks */,
			);
			runOnlyForDeploymentPostprocessing = 0;
		};
/* End PBXFrameworksBuildPhase section */

/* Begin PBXGroup section */
		4375BCED5DD03A904EBD4C47 /* Pods */ = {
			isa = PBXGroup;
			children = (
				D54361C755514BBAE1B9D54D /* Pods-Demo.debug.xcconfig */,
				D6DE19B8AED172C0429F6A09 /* Pods-Demo.release.xcconfig */,
			);
			path = Pods;
			sourceTree = "<group>";
		};
		5231173D224220BB009DA11E = {
			isa = PBXGroup;
			children = (
				52311748224220BB009DA11E /* Demo */,
				52311747224220BB009DA11E /* Products */,
				4375BCED5DD03A904EBD4C47 /* Pods */,
				FF23ACAC068A80CC488968BE /* Frameworks */,
			);
			sourceTree = "<group>";
		};
		52311747224220BB009DA11E /* Products */ = {
			isa = PBXGroup;
			children = (
				52311746224220BB009DA11E /* Demo.app */,
			);
			name = Products;
			sourceTree = "<group>";
		};
		52311748224220BB009DA11E /* Demo */ = {
			isa = PBXGroup;
			children = (
				5271C1692301537D00A5DC64 /* Source */,
				52311749224220BB009DA11E /* AppDelegate.swift */,
				5231174B224220BB009DA11E /* ViewController.swift */,
				5231174D224220BB009DA11E /* Main.storyboard */,
				52311750224220BC009DA11E /* Assets.xcassets */,
				52311752224220BC009DA11E /* LaunchScreen.storyboard */,
				52311755224220BC009DA11E /* Info.plist */,
			);
			path = Demo;
			sourceTree = "<group>";
		};
		5271C1692301537D00A5DC64 /* Source */ = {
			isa = PBXGroup;
			children = (
				5271C16A2301537D00A5DC64 /* AlamofireImage */,
				5271C16D2301537D00A5DC64 /* Core */,
				5271C1C72301537D00A5DC64 /* SwiftTimer */,
				5271C1C92301537D00A5DC64 /* MBProgressHUD */,
			);
			name = Source;
			path = ../../Source;
			sourceTree = "<group>";
		};
		5271C16A2301537D00A5DC64 /* AlamofireImage */ = {
			isa = PBXGroup;
			children = (
				5271C16B2301537D00A5DC64 /* UIImageView+.swift */,
				5271C16C2301537D00A5DC64 /* UIButton+WebImage.swift */,
			);
			path = AlamofireImage;
			sourceTree = "<group>";
		};
		5271C16D2301537D00A5DC64 /* Core */ = {
			isa = PBXGroup;
			children = (
				5271C16E2301537D00A5DC64 /* UIImage */,
				5271C1702301537D00A5DC64 /* SizeHelper */,
				5271C1722301537D00A5DC64 /* UIScrollView */,
				5271C1742301537D00A5DC64 /* AutoLayout */,
				5271C1772301537D00A5DC64 /* GestureRecognizerClosures */,
				5271C17E2301537D00A5DC64 /* UILabel */,
				5271C1812301537D00A5DC64 /* UIButton */,
				5271C1862301537D00A5DC64 /* UIColor */,
				5271C1882301537D00A5DC64 /* DispatchQueue */,
				5271C18A2301537D00A5DC64 /* Codable */,
				5271C18C2301537D00A5DC64 /* UIView */,
				5271C18F2301537D00A5DC64 /* General */,
				5271C1922301537D00A5DC64 /* DeviceKit */,
				5271C1952301537D00A5DC64 /* Date */,
				5271C1972301537D00A5DC64 /* WebView */,
				5271C1992301537D00A5DC64 /* UINavigation */,
				5271C19F2301537D00A5DC64 /* UITextView */,
				5271C1A12301537D00A5DC64 /* UICollectionView */,
				5271C1A42301537D00A5DC64 /* UIBarButtonItem */,
				5271C1A62301537D00A5DC64 /* Number */,
				5271C1A82301537D00A5DC64 /* MapKit */,
				5271C1AB2301537D00A5DC64 /* UIViewController */,
				5271C1AD2301537D00A5DC64 /* UITableView */,
				5271C1AF2301537D00A5DC64 /* UISearchBar */,
				5271C1B12301537D00A5DC64 /* String */,
				5271C1B62301537D00A5DC64 /* CALayer */,
				5271C1B82301537D00A5DC64 /* ViewModelBinding */,
				5271C1BA2301537D00A5DC64 /* NSObject */,
				5271C1BC2301537D00A5DC64 /* UITabBar */,
				5271C1C12301537D00A5DC64 /* Photos */,
				5271C1C42301537D00A5DC64 /* UITextField */,
			);
			path = Core;
			sourceTree = "<group>";
		};
		5271C16E2301537D00A5DC64 /* UIImage */ = {
			isa = PBXGroup;
			children = (
				5271C16F2301537D00A5DC64 /* UIImage+.swift */,
			);
			path = UIImage;
			sourceTree = "<group>";
		};
		5271C1702301537D00A5DC64 /* SizeHelper */ = {
			isa = PBXGroup;
			children = (
				5271C1712301537D00A5DC64 /* SizeHelper.swift */,
			);
			path = SizeHelper;
			sourceTree = "<group>";
		};
		5271C1722301537D00A5DC64 /* UIScrollView */ = {
			isa = PBXGroup;
			children = (
				5271C1732301537D00A5DC64 /* ScrollDirectionTracker.swift */,
			);
			path = UIScrollView;
			sourceTree = "<group>";
		};
		5271C1742301537D00A5DC64 /* AutoLayout */ = {
			isa = PBXGroup;
			children = (
				5271C1752301537D00A5DC64 /* UIView+Constraint.swift */,
				5271C1762301537D00A5DC64 /* LayoutConstraint.swift */,
			);
			path = AutoLayout;
			sourceTree = "<group>";
		};
		5271C1772301537D00A5DC64 /* GestureRecognizerClosures */ = {
			isa = PBXGroup;
			children = (
				5271C1782301537D00A5DC64 /* UIGestureRecognizer+Closures.swift */,
				5271C1792301537D00A5DC64 /* UIView+Closures.swift */,
				5271C17A2301537D00A5DC64 /* UIBarButtonItem+Closures.swift */,
				5271C17B2301537D00A5DC64 /* UIControl+Closures.swift */,
				5271C17C2301537D00A5DC64 /* GestureClosure.swift */,
				5271C17D2301537D00A5DC64 /* ClosureHandler.swift */,
			);
			path = GestureRecognizerClosures;
			sourceTree = "<group>";
		};
		5271C17E2301537D00A5DC64 /* UILabel */ = {
			isa = PBXGroup;
			children = (
				5271C17F2301537D00A5DC64 /* InsetLabel.swift */,
				5271C1802301537D00A5DC64 /* UILabel+.swift */,
			);
			path = UILabel;
			sourceTree = "<group>";
		};
		5271C1812301537D00A5DC64 /* UIButton */ = {
			isa = PBXGroup;
			children = (
				5271C1822301537D00A5DC64 /* CustomButton.swift */,
				5271C1832301537D00A5DC64 /* SingleLineButton.swift */,
				5271C1842301537D00A5DC64 /* LayoutButton.swift */,
				5271C1852301537D00A5DC64 /* UIControl+EnlargeEdge.swift */,
			);
			path = UIButton;
			sourceTree = "<group>";
		};
		5271C1862301537D00A5DC64 /* UIColor */ = {
			isa = PBXGroup;
			children = (
				5271C1872301537D00A5DC64 /* UIColor+.swift */,
			);
			path = UIColor;
			sourceTree = "<group>";
		};
		5271C1882301537D00A5DC64 /* DispatchQueue */ = {
			isa = PBXGroup;
			children = (
				5271C1892301537D00A5DC64 /* DispatchQueue+.swift */,
			);
			path = DispatchQueue;
			sourceTree = "<group>";
		};
		5271C18A2301537D00A5DC64 /* Codable */ = {
			isa = PBXGroup;
			children = (
				5271C18B2301537D00A5DC64 /* Codable+.swift */,
			);
			path = Codable;
			sourceTree = "<group>";
		};
		5271C18C2301537D00A5DC64 /* UIView */ = {
			isa = PBXGroup;
			children = (
				5271C18D2301537D00A5DC64 /* UIView+Extension.swift */,
				5271C18E2301537D00A5DC64 /* SingleLineView.swift */,
			);
			path = UIView;
			sourceTree = "<group>";
		};
		5271C18F2301537D00A5DC64 /* General */ = {
			isa = PBXGroup;
			children = (
				5271C1902301537D00A5DC64 /* GGUI.swift */,
				5271C1912301537D00A5DC64 /* Globals.swift */,
			);
			path = General;
			sourceTree = "<group>";
		};
		5271C1922301537D00A5DC64 /* DeviceKit */ = {
			isa = PBXGroup;
			children = (
				5271C1932301537D00A5DC64 /* UIDevice+.swift */,
				5271C1942301537D00A5DC64 /* Device.generated.swift */,
			);
			path = DeviceKit;
			sourceTree = "<group>";
		};
		5271C1952301537D00A5DC64 /* Date */ = {
			isa = PBXGroup;
			children = (
				5271C1962301537D00A5DC64 /* Date+.swift */,
			);
			path = Date;
			sourceTree = "<group>";
		};
		5271C1972301537D00A5DC64 /* WebView */ = {
			isa = PBXGroup;
			children = (
				5271C1982301537D00A5DC64 /* WebViewController.swift */,
			);
			path = WebView;
			sourceTree = "<group>";
		};
		5271C1992301537D00A5DC64 /* UINavigation */ = {
			isa = PBXGroup;
			children = (
				5271C19A2301537D00A5DC64 /* UINavigationController+.swift */,
				5271C19B2301537D00A5DC64 /* CustomBarButtonItem.swift */,
				5271C19C2301537D00A5DC64 /* UIViewController+Navigation.swift */,
				5271C19D2301537D00A5DC64 /* BaseNavigationController.swift */,
				5271C19E2301537D00A5DC64 /* UINavigationBar+.swift */,
			);
			path = UINavigation;
			sourceTree = "<group>";
		};
		5271C19F2301537D00A5DC64 /* UITextView */ = {
			isa = PBXGroup;
			children = (
				5271C1A02301537D00A5DC64 /* UITextView+Slice.swift */,
			);
			path = UITextView;
			sourceTree = "<group>";
		};
		5271C1A12301537D00A5DC64 /* UICollectionView */ = {
			isa = PBXGroup;
			children = (
				5271C1A22301537D00A5DC64 /* UICollectionViewLeftAlignedLayout.swift */,
				5271C1A32301537D00A5DC64 /* CollectionViewCenteredFlowLayout.swift */,
			);
			path = UICollectionView;
			sourceTree = "<group>";
		};
		5271C1A42301537D00A5DC64 /* UIBarButtonItem */ = {
			isa = PBXGroup;
			children = (
				5271C1A52301537D00A5DC64 /* UIBarButtonItem+.swift */,
			);
			path = UIBarButtonItem;
			sourceTree = "<group>";
		};
		5271C1A62301537D00A5DC64 /* Number */ = {
			isa = PBXGroup;
			children = (
				5271C1A72301537D00A5DC64 /* Number+.swift */,
			);
			path = Number;
			sourceTree = "<group>";
		};
		5271C1A82301537D00A5DC64 /* MapKit */ = {
			isa = PBXGroup;
			children = (
				5271C1A92301537D00A5DC64 /* MapOPenURL.swift */,
				5271C1AA2301537D00A5DC64 /* CLLocationCoordinate2D+.swift */,
			);
			path = MapKit;
			sourceTree = "<group>";
		};
		5271C1AB2301537D00A5DC64 /* UIViewController */ = {
			isa = PBXGroup;
			children = (
				5271C1AC2301537D00A5DC64 /* UIViewController+.swift */,
			);
			path = UIViewController;
			sourceTree = "<group>";
		};
		5271C1AD2301537D00A5DC64 /* UITableView */ = {
			isa = PBXGroup;
			children = (
				5271C1AE2301537D00A5DC64 /* UITableView+.swift */,
			);
			path = UITableView;
			sourceTree = "<group>";
		};
		5271C1AF2301537D00A5DC64 /* UISearchBar */ = {
			isa = PBXGroup;
			children = (
				5271C1B02301537D00A5DC64 /* UISearchBar+.swift */,
			);
			path = UISearchBar;
			sourceTree = "<group>";
		};
		5271C1B12301537D00A5DC64 /* String */ = {
			isa = PBXGroup;
			children = (
				5271C1B22301537D00A5DC64 /* String+Size.swift */,
				5271C1B32301537D00A5DC64 /* String+Range.swift */,
				5271C1B42301537D00A5DC64 /* String+Tool.swift */,
				5271C1B52301537D00A5DC64 /* String+Attributed.swift */,
			);
			path = String;
			sourceTree = "<group>";
		};
		5271C1B62301537D00A5DC64 /* CALayer */ = {
			isa = PBXGroup;
			children = (
				5271C1B72301537D00A5DC64 /* CALayer+Sketch.swift */,
			);
			path = CALayer;
			sourceTree = "<group>";
		};
		5271C1B82301537D00A5DC64 /* ViewModelBinding */ = {
			isa = PBXGroup;
			children = (
				5271C1B92301537D00A5DC64 /* ViewModelBinding.swift */,
			);
			path = ViewModelBinding;
			sourceTree = "<group>";
		};
		5271C1BA2301537D00A5DC64 /* NSObject */ = {
			isa = PBXGroup;
			children = (
				5271C1BB2301537D00A5DC64 /* NSObject+.swift */,
			);
			path = NSObject;
			sourceTree = "<group>";
		};
		5271C1BC2301537D00A5DC64 /* UITabBar */ = {
			isa = PBXGroup;
			children = (
				5271C1BD2301537D00A5DC64 /* BulgeTabBar.swift */,
				5271C1BE2301537D00A5DC64 /* UITabBarItem+.swift */,
				5271C1BF2301537D00A5DC64 /* UITabBar+.swift */,
				5271C1C02301537D00A5DC64 /* UITabBarController+.swift */,
			);
			path = UITabBar;
			sourceTree = "<group>";
		};
		5271C1C12301537D00A5DC64 /* Photos */ = {
			isa = PBXGroup;
			children = (
				5271C1C22301537D00A5DC64 /* PhotoPickerHelper.swift */,
				5271C1C32301537D00A5DC64 /* ImageCropperViewController.swift */,
			);
			path = Photos;
			sourceTree = "<group>";
		};
		5271C1C42301537D00A5DC64 /* UITextField */ = {
			isa = PBXGroup;
			children = (
				5271C1C52301537D00A5DC64 /* CustomTextField.swift */,
				5271C1C62301537D00A5DC64 /* UITextField+Slice.swift */,
			);
			path = UITextField;
			sourceTree = "<group>";
		};
		5271C1C72301537D00A5DC64 /* SwiftTimer */ = {
			isa = PBXGroup;
			children = (
				5271C1C82301537D00A5DC64 /* SendCodeButton.swift */,
			);
			path = SwiftTimer;
			sourceTree = "<group>";
		};
		5271C1C92301537D00A5DC64 /* MBProgressHUD */ = {
			isa = PBXGroup;
			children = (
				5271C1CA2301537D00A5DC64 /* UIView+Hud.swift */,
			);
			path = MBProgressHUD;
			sourceTree = "<group>";
		};
		FF23ACAC068A80CC488968BE /* Frameworks */ = {
			isa = PBXGroup;
			children = (
				F33725A8DB54E01249AF6D6C /* Pods_Demo.framework */,
			);
			name = Frameworks;
			sourceTree = "<group>";
		};
/* End PBXGroup section */

/* Begin PBXNativeTarget section */
		52311745224220BB009DA11E /* Demo */ = {
			isa = PBXNativeTarget;
			buildConfigurationList = 52311758224220BC009DA11E /* Build configuration list for PBXNativeTarget "Demo" */;
			buildPhases = (
				6D8C5ADB79682AE17EC98E71 /* [CP] Check Pods Manifest.lock */,
				52311742224220BB009DA11E /* Sources */,
				52311743224220BB009DA11E /* Frameworks */,
				52311744224220BB009DA11E /* Resources */,
				52311776224223D5009DA11E /* swiftlint */,
				793FCC70FEDC4EFF9BD57A2D /* [CP] Embed Pods Frameworks */,
			);
			buildRules = (
			);
			dependencies = (
			);
			name = Demo;
			productName = Demo;
			productReference = 52311746224220BB009DA11E /* Demo.app */;
			productType = "com.apple.product-type.application";
		};
/* End PBXNativeTarget section */

/* Begin PBXProject section */
		5231173E224220BB009DA11E /* Project object */ = {
			isa = PBXProject;
			attributes = {
				LastSwiftUpdateCheck = 1010;
				LastUpgradeCheck = 1010;
				ORGANIZATIONNAME = Ganguo;
				TargetAttributes = {
					52311745224220BB009DA11E = {
						CreatedOnToolsVersion = 10.1;
					};
				};
			};
			buildConfigurationList = 52311741224220BB009DA11E /* Build configuration list for PBXProject "Demo" */;
			compatibilityVersion = "Xcode 9.3";
			developmentRegion = en;
			hasScannedForEncodings = 0;
			knownRegions = (
				en,
				Base,
			);
			mainGroup = 5231173D224220BB009DA11E;
			productRefGroup = 52311747224220BB009DA11E /* Products */;
			projectDirPath = "";
			projectRoot = "";
			targets = (
				52311745224220BB009DA11E /* Demo */,
			);
		};
/* End PBXProject section */

/* Begin PBXResourcesBuildPhase section */
		52311744224220BB009DA11E /* Resources */ = {
			isa = PBXResourcesBuildPhase;
			buildActionMask = 2147483647;
			files = (
				52311754224220BC009DA11E /* LaunchScreen.storyboard in Resources */,
				52311751224220BC009DA11E /* Assets.xcassets in Resources */,
				5231174F224220BB009DA11E /* Main.storyboard in Resources */,
			);
			runOnlyForDeploymentPostprocessing = 0;
		};
/* End PBXResourcesBuildPhase section */

/* Begin PBXShellScriptBuildPhase section */
		52311776224223D5009DA11E /* swiftlint */ = {
			isa = PBXShellScriptBuildPhase;
			buildActionMask = 2147483647;
			files = (
			);
			inputFileListPaths = (
			);
			inputPaths = (
			);
			name = swiftlint;
			outputFileListPaths = (
			);
			outputPaths = (
			);
			runOnlyForDeploymentPostprocessing = 0;
			shellPath = /bin/sh;
			shellScript = "\"${PODS_ROOT}/SwiftLint/swiftlint\"\n";
		};
		6D8C5ADB79682AE17EC98E71 /* [CP] Check Pods Manifest.lock */ = {
			isa = PBXShellScriptBuildPhase;
			buildActionMask = 2147483647;
			files = (
			);
			inputFileListPaths = (
			);
			inputPaths = (
				"${PODS_PODFILE_DIR_PATH}/Podfile.lock",
				"${PODS_ROOT}/Manifest.lock",
			);
			name = "[CP] Check Pods Manifest.lock";
			outputFileListPaths = (
			);
			outputPaths = (
				"$(DERIVED_FILE_DIR)/Pods-Demo-checkManifestLockResult.txt",
			);
			runOnlyForDeploymentPostprocessing = 0;
			shellPath = /bin/sh;
			shellScript = "diff \"${PODS_PODFILE_DIR_PATH}/Podfile.lock\" \"${PODS_ROOT}/Manifest.lock\" > /dev/null\nif [ $? != 0 ] ; then\n    # print error to STDERR\n    echo \"error: The sandbox is not in sync with the Podfile.lock. Run 'pod install' or update your CocoaPods installation.\" >&2\n    exit 1\nfi\n# This output is used by Xcode 'outputs' to avoid re-running this script phase.\necho \"SUCCESS\" > \"${SCRIPT_OUTPUT_FILE_0}\"\n";
			showEnvVarsInLog = 0;
		};
		793FCC70FEDC4EFF9BD57A2D /* [CP] Embed Pods Frameworks */ = {
			isa = PBXShellScriptBuildPhase;
			buildActionMask = 2147483647;
			files = (
			);
			inputFileListPaths = (
				"${PODS_ROOT}/Target Support Files/Pods-Demo/Pods-Demo-frameworks-${CONFIGURATION}-input-files.xcfilelist",
			);
			name = "[CP] Embed Pods Frameworks";
			outputFileListPaths = (
				"${PODS_ROOT}/Target Support Files/Pods-Demo/Pods-Demo-frameworks-${CONFIGURATION}-output-files.xcfilelist",
			);
			runOnlyForDeploymentPostprocessing = 0;
			shellPath = /bin/sh;
			shellScript = "\"${PODS_ROOT}/Target Support Files/Pods-Demo/Pods-Demo-frameworks.sh\"\n";
			showEnvVarsInLog = 0;
		};
/* End PBXShellScriptBuildPhase section */

/* Begin PBXSourcesBuildPhase section */
		52311742224220BB009DA11E /* Sources */ = {
			isa = PBXSourcesBuildPhase;
			buildActionMask = 2147483647;
			files = (
				5271C1F92301537D00A5DC64 /* String+Range.swift in Sources */,
				5271C1FC2301537D00A5DC64 /* CALayer+Sketch.swift in Sources */,
				5271C1F02301537D00A5DC64 /* CollectionViewCenteredFlowLayout.swift in Sources */,
				5271C1CC2301537D00A5DC64 /* UIButton+WebImage.swift in Sources */,
				5271C1EB2301537D00A5DC64 /* UIViewController+Navigation.swift in Sources */,
				5271C1D62301537D00A5DC64 /* GestureClosure.swift in Sources */,
				5271C1DA2301537D00A5DC64 /* CustomButton.swift in Sources */,
				5271C1CB2301537D00A5DC64 /* UIImageView+.swift in Sources */,
				5271C1EF2301537D00A5DC64 /* UICollectionViewLeftAlignedLayout.swift in Sources */,
				5271C1CF2301537D00A5DC64 /* ScrollDirectionTracker.swift in Sources */,
				5271C1F22301537D00A5DC64 /* Number+.swift in Sources */,
				5271C1EE2301537D00A5DC64 /* UITextView+Slice.swift in Sources */,
				5271C1E72301537D00A5DC64 /* Date+.swift in Sources */,
				5271C1DB2301537D00A5DC64 /* SingleLineButton.swift in Sources */,
				5271C1DD2301537D00A5DC64 /* UIControl+EnlargeEdge.swift in Sources */,
				5271C1D02301537D00A5DC64 /* UIView+Constraint.swift in Sources */,
				5271C1F72301537D00A5DC64 /* UISearchBar+.swift in Sources */,
				5271C1FA2301537D00A5DC64 /* String+Tool.swift in Sources */,
				5271C2072301537D00A5DC64 /* SendCodeButton.swift in Sources */,
				5271C1CD2301537D00A5DC64 /* UIImage+.swift in Sources */,
				5271C2012301537D00A5DC64 /* UITabBar+.swift in Sources */,
				5271C1D92301537D00A5DC64 /* UILabel+.swift in Sources */,
				5271C1E92301537D00A5DC64 /* UINavigationController+.swift in Sources */,
				5271C1D12301537D00A5DC64 /* LayoutConstraint.swift in Sources */,
				5271C1EA2301537D00A5DC64 /* CustomBarButtonItem.swift in Sources */,
				5271C1DF2301537D00A5DC64 /* DispatchQueue+.swift in Sources */,
				5271C1E42301537D00A5DC64 /* Globals.swift in Sources */,
				5271C1FE2301537D00A5DC64 /* NSObject+.swift in Sources */,
				5271C2002301537D00A5DC64 /* UITabBarItem+.swift in Sources */,
				5271C1D42301537D00A5DC64 /* UIBarButtonItem+Closures.swift in Sources */,
				5271C1F12301537D00A5DC64 /* UIBarButtonItem+.swift in Sources */,
				5271C1E82301537D00A5DC64 /* WebViewController.swift in Sources */,
				5271C1F82301537D00A5DC64 /* String+Size.swift in Sources */,
				5271C1DC2301537D00A5DC64 /* LayoutButton.swift in Sources */,
				5271C1E02301537D00A5DC64 /* Codable+.swift in Sources */,
				5231174C224220BB009DA11E /* ViewController.swift in Sources */,
				5271C1D32301537D00A5DC64 /* UIView+Closures.swift in Sources */,
				5271C2032301537D00A5DC64 /* PhotoPickerHelper.swift in Sources */,
				5271C1DE2301537D00A5DC64 /* UIColor+.swift in Sources */,
				5271C1D52301537D00A5DC64 /* UIControl+Closures.swift in Sources */,
				5271C1D22301537D00A5DC64 /* UIGestureRecognizer+Closures.swift in Sources */,
				5271C1E32301537D00A5DC64 /* GGUI.swift in Sources */,
				5271C1F52301537D00A5DC64 /* UIViewController+.swift in Sources */,
				5271C2062301537D00A5DC64 /* UITextField+Slice.swift in Sources */,
				5271C1E22301537D00A5DC64 /* SingleLineView.swift in Sources */,
				5271C1F42301537D00A5DC64 /* CLLocationCoordinate2D+.swift in Sources */,
				5271C1CE2301537D00A5DC64 /* SizeHelper.swift in Sources */,
				5231174A224220BB009DA11E /* AppDelegate.swift in Sources */,
				5271C2082301537D00A5DC64 /* UIView+Hud.swift in Sources */,
				5271C1ED2301537D00A5DC64 /* UINavigationBar+.swift in Sources */,
				5271C1D82301537D00A5DC64 /* InsetLabel.swift in Sources */,
				5271C1FB2301537D00A5DC64 /* String+Attributed.swift in Sources */,
				5271C1E12301537D00A5DC64 /* UIView+Extension.swift in Sources */,
				5271C1F32301537D00A5DC64 /* MapOPenURL.swift in Sources */,
				5271C1EC2301537D00A5DC64 /* BaseNavigationController.swift in Sources */,
				5271C1FD2301537D00A5DC64 /* ViewModelBinding.swift in Sources */,
				5271C1D72301537D00A5DC64 /* ClosureHandler.swift in Sources */,
				5271C1E62301537D00A5DC64 /* Device.generated.swift in Sources */,
				5271C1E52301537D00A5DC64 /* UIDevice+.swift in Sources */,
				5271C2042301537D00A5DC64 /* ImageCropperViewController.swift in Sources */,
				5271C2052301537D00A5DC64 /* CustomTextField.swift in Sources */,
				5271C1F62301537D00A5DC64 /* UITableView+.swift in Sources */,
				5271C1FF2301537D00A5DC64 /* BulgeTabBar.swift in Sources */,
				5271C2022301537D00A5DC64 /* UITabBarController+.swift in Sources */,
			);
			runOnlyForDeploymentPostprocessing = 0;
		};
/* End PBXSourcesBuildPhase section */

/* Begin PBXVariantGroup section */
		5231174D224220BB009DA11E /* Main.storyboard */ = {
			isa = PBXVariantGroup;
			children = (
				5231174E224220BB009DA11E /* Base */,
			);
			name = Main.storyboard;
			sourceTree = "<group>";
		};
		52311752224220BC009DA11E /* LaunchScreen.storyboard */ = {
			isa = PBXVariantGroup;
			children = (
				52311753224220BC009DA11E /* Base */,
			);
			name = LaunchScreen.storyboard;
			sourceTree = "<group>";
		};
/* End PBXVariantGroup section */

/* Begin XCBuildConfiguration section */
		52311756224220BC009DA11E /* Debug */ = {
			isa = XCBuildConfiguration;
			buildSettings = {
				ALWAYS_SEARCH_USER_PATHS = NO;
				CLANG_ANALYZER_NONNULL = YES;
				CLANG_ANALYZER_NUMBER_OBJECT_CONVERSION = YES_AGGRESSIVE;
				CLANG_CXX_LANGUAGE_STANDARD = "gnu++14";
				CLANG_CXX_LIBRARY = "libc++";
				CLANG_ENABLE_MODULES = YES;
				CLANG_ENABLE_OBJC_ARC = YES;
				CLANG_ENABLE_OBJC_WEAK = YES;
				CLANG_WARN_BLOCK_CAPTURE_AUTORELEASING = YES;
				CLANG_WARN_BOOL_CONVERSION = YES;
				CLANG_WARN_COMMA = YES;
				CLANG_WARN_CONSTANT_CONVERSION = YES;
				CLANG_WARN_DEPRECATED_OBJC_IMPLEMENTATIONS = YES;
				CLANG_WARN_DIRECT_OBJC_ISA_USAGE = YES_ERROR;
				CLANG_WARN_DOCUMENTATION_COMMENTS = YES;
				CLANG_WARN_EMPTY_BODY = YES;
				CLANG_WARN_ENUM_CONVERSION = YES;
				CLANG_WARN_INFINITE_RECURSION = YES;
				CLANG_WARN_INT_CONVERSION = YES;
				CLANG_WARN_NON_LITERAL_NULL_CONVERSION = YES;
				CLANG_WARN_OBJC_IMPLICIT_RETAIN_SELF = YES;
				CLANG_WARN_OBJC_LITERAL_CONVERSION = YES;
				CLANG_WARN_OBJC_ROOT_CLASS = YES_ERROR;
				CLANG_WARN_RANGE_LOOP_ANALYSIS = YES;
				CLANG_WARN_STRICT_PROTOTYPES = YES;
				CLANG_WARN_SUSPICIOUS_MOVE = YES;
				CLANG_WARN_UNGUARDED_AVAILABILITY = YES_AGGRESSIVE;
				CLANG_WARN_UNREACHABLE_CODE = YES;
				CLANG_WARN__DUPLICATE_METHOD_MATCH = YES;
				CODE_SIGN_IDENTITY = "iPhone Developer";
				COPY_PHASE_STRIP = NO;
				DEBUG_INFORMATION_FORMAT = dwarf;
				ENABLE_STRICT_OBJC_MSGSEND = YES;
				ENABLE_TESTABILITY = YES;
				GCC_C_LANGUAGE_STANDARD = gnu11;
				GCC_DYNAMIC_NO_PIC = NO;
				GCC_NO_COMMON_BLOCKS = YES;
				GCC_OPTIMIZATION_LEVEL = 0;
				GCC_PREPROCESSOR_DEFINITIONS = (
					"DEBUG=1",
					"$(inherited)",
				);
				GCC_WARN_64_TO_32_BIT_CONVERSION = YES;
				GCC_WARN_ABOUT_RETURN_TYPE = YES_ERROR;
				GCC_WARN_UNDECLARED_SELECTOR = YES;
				GCC_WARN_UNINITIALIZED_AUTOS = YES_AGGRESSIVE;
				GCC_WARN_UNUSED_FUNCTION = YES;
				GCC_WARN_UNUSED_VARIABLE = YES;
				IPHONEOS_DEPLOYMENT_TARGET = 12.1;
				MTL_ENABLE_DEBUG_INFO = INCLUDE_SOURCE;
				MTL_FAST_MATH = YES;
				ONLY_ACTIVE_ARCH = YES;
				SDKROOT = iphoneos;
				SWIFT_ACTIVE_COMPILATION_CONDITIONS = DEBUG;
				SWIFT_OPTIMIZATION_LEVEL = "-Onone";
			};
			name = Debug;
		};
		52311757224220BC009DA11E /* Release */ = {
			isa = XCBuildConfiguration;
			buildSettings = {
				ALWAYS_SEARCH_USER_PATHS = NO;
				CLANG_ANALYZER_NONNULL = YES;
				CLANG_ANALYZER_NUMBER_OBJECT_CONVERSION = YES_AGGRESSIVE;
				CLANG_CXX_LANGUAGE_STANDARD = "gnu++14";
				CLANG_CXX_LIBRARY = "libc++";
				CLANG_ENABLE_MODULES = YES;
				CLANG_ENABLE_OBJC_ARC = YES;
				CLANG_ENABLE_OBJC_WEAK = YES;
				CLANG_WARN_BLOCK_CAPTURE_AUTORELEASING = YES;
				CLANG_WARN_BOOL_CONVERSION = YES;
				CLANG_WARN_COMMA = YES;
				CLANG_WARN_CONSTANT_CONVERSION = YES;
				CLANG_WARN_DEPRECATED_OBJC_IMPLEMENTATIONS = YES;
				CLANG_WARN_DIRECT_OBJC_ISA_USAGE = YES_ERROR;
				CLANG_WARN_DOCUMENTATION_COMMENTS = YES;
				CLANG_WARN_EMPTY_BODY = YES;
				CLANG_WARN_ENUM_CONVERSION = YES;
				CLANG_WARN_INFINITE_RECURSION = YES;
				CLANG_WARN_INT_CONVERSION = YES;
				CLANG_WARN_NON_LITERAL_NULL_CONVERSION = YES;
				CLANG_WARN_OBJC_IMPLICIT_RETAIN_SELF = YES;
				CLANG_WARN_OBJC_LITERAL_CONVERSION = YES;
				CLANG_WARN_OBJC_ROOT_CLASS = YES_ERROR;
				CLANG_WARN_RANGE_LOOP_ANALYSIS = YES;
				CLANG_WARN_STRICT_PROTOTYPES = YES;
				CLANG_WARN_SUSPICIOUS_MOVE = YES;
				CLANG_WARN_UNGUARDED_AVAILABILITY = YES_AGGRESSIVE;
				CLANG_WARN_UNREACHABLE_CODE = YES;
				CLANG_WARN__DUPLICATE_METHOD_MATCH = YES;
				CODE_SIGN_IDENTITY = "iPhone Developer";
				COPY_PHASE_STRIP = NO;
				DEBUG_INFORMATION_FORMAT = "dwarf-with-dsym";
				ENABLE_NS_ASSERTIONS = NO;
				ENABLE_STRICT_OBJC_MSGSEND = YES;
				GCC_C_LANGUAGE_STANDARD = gnu11;
				GCC_NO_COMMON_BLOCKS = YES;
				GCC_WARN_64_TO_32_BIT_CONVERSION = YES;
				GCC_WARN_ABOUT_RETURN_TYPE = YES_ERROR;
				GCC_WARN_UNDECLARED_SELECTOR = YES;
				GCC_WARN_UNINITIALIZED_AUTOS = YES_AGGRESSIVE;
				GCC_WARN_UNUSED_FUNCTION = YES;
				GCC_WARN_UNUSED_VARIABLE = YES;
				IPHONEOS_DEPLOYMENT_TARGET = 12.1;
				MTL_ENABLE_DEBUG_INFO = NO;
				MTL_FAST_MATH = YES;
				SDKROOT = iphoneos;
				SWIFT_COMPILATION_MODE = wholemodule;
				SWIFT_OPTIMIZATION_LEVEL = "-O";
				VALIDATE_PRODUCT = YES;
			};
			name = Release;
		};
		52311759224220BC009DA11E /* Debug */ = {
			isa = XCBuildConfiguration;
			baseConfigurationReference = D54361C755514BBAE1B9D54D /* Pods-Demo.debug.xcconfig */;
			buildSettings = {
				ASSETCATALOG_COMPILER_APPICON_NAME = AppIcon;
				CODE_SIGN_STYLE = Automatic;
				DEVELOPMENT_TEAM = GL2VUTHN95;
				INFOPLIST_FILE = Demo/Info.plist;
				LD_RUNPATH_SEARCH_PATHS = (
					"$(inherited)",
					"@executable_path/Frameworks",
				);
				PRODUCT_BUNDLE_IDENTIFIER = ganguo.hk.Demo;
				PRODUCT_NAME = "$(TARGET_NAME)";
				SWIFT_VERSION = 5.0;
				TARGETED_DEVICE_FAMILY = "1,2";
			};
			name = Debug;
		};
		5231175A224220BC009DA11E /* Release */ = {
			isa = XCBuildConfiguration;
			baseConfigurationReference = D6DE19B8AED172C0429F6A09 /* Pods-Demo.release.xcconfig */;
			buildSettings = {
				ASSETCATALOG_COMPILER_APPICON_NAME = AppIcon;
				CODE_SIGN_STYLE = Automatic;
				DEVELOPMENT_TEAM = GL2VUTHN95;
				INFOPLIST_FILE = Demo/Info.plist;
				LD_RUNPATH_SEARCH_PATHS = (
					"$(inherited)",
					"@executable_path/Frameworks",
				);
				PRODUCT_BUNDLE_IDENTIFIER = ganguo.hk.Demo;
				PRODUCT_NAME = "$(TARGET_NAME)";
				SWIFT_VERSION = 5.0;
				TARGETED_DEVICE_FAMILY = "1,2";
			};
			name = Release;
		};
/* End XCBuildConfiguration section */

/* Begin XCConfigurationList section */
		52311741224220BB009DA11E /* Build configuration list for PBXProject "Demo" */ = {
			isa = XCConfigurationList;
			buildConfigurations = (
				52311756224220BC009DA11E /* Debug */,
				52311757224220BC009DA11E /* Release */,
			);
			defaultConfigurationIsVisible = 0;
			defaultConfigurationName = Release;
		};
		52311758224220BC009DA11E /* Build configuration list for PBXNativeTarget "Demo" */ = {
			isa = XCConfigurationList;
			buildConfigurations = (
				52311759224220BC009DA11E /* Debug */,
				5231175A224220BC009DA11E /* Release */,
			);
			defaultConfigurationIsVisible = 0;
			defaultConfigurationName = Release;
		};
/* End XCConfigurationList section */
	};
	rootObject = 5231173E224220BB009DA11E /* Project object */;
}
